github.com/dmibod/kanban/kernel v0.0.0-20181208150914-75c5911398c4 h1:3QanOvyE8r6jGquwMpGEjONxODOttfVsFbFDjn4XoFo=
github.com/dmibod/kanban/kernel v0.0.0-20181208150914-75c5911398c4/go.mod h1:Mmd5dLmtpkJAaJsH8qiSxVF1CfqaM72iiQiJ+Uy9q4A=
github.com/dmibod/kanban/kernel v0.0.0-20181216131007-ce19ff816ada h1:4Hg8vCmFd141f9hx7drb/0cjBS+efuYjtIjE5Gno5yU=
github.com/dmibod/kanban/kernel v0.0.0-20181216131007-ce19ff816ada/go.mod h1:Mmd5dLmtpkJAaJsH8qiSxVF1CfqaM72iiQiJ+Uy9q4A=
github.com/dmibod/kanban/kernel v0.0.0-20181216132108-c9b485b1917f h1:S3TCqyV2K3oaKTiAvV0CbPRF6d7GFo43WoecKTn6j9w=
github.com/dmibod/kanban/kernel v0.0.0-20181216132108-c9b485b1917f/go.mod h1:Mmd5dLmtpkJAaJsH8qiSxVF1CfqaM72iiQiJ+Uy9q4A=
github.com/dmibod/kanban/kernel v0.0.0-20181216163648-8372a83d93cc h1:DSGArtGPVkdBMxcjtJwTwwhJThSfbg/Jq/JSyeuv0rM=
github.com/dmibod/kanban/kernel v0.0.0-20181216163648-8372a83d93cc/go.mod h1:Mmd5dLmtpkJAaJsH8qiSxVF1CfqaM72iiQiJ+Uy9q4A=
github.com/dmibod/kanban/tools/msg v0.0.0-20181208125028-a02f20cbee03/go.mod h1:Aa9Ck9xND6QKwxOqXK3ViiOKrpsIKuCnuJnz/6MMgtg=
github.com/dmibod/kanban/tools/msg v0.0.0-20181208150914-75c5911398c4 h1:5l5PIJ1AHX1P168yUec8o5vnKKTGyxq5nJnSbzh2QIE=
github.com/dmibod/kanban/tools/msg v0.0.0-20181208150914-75c5911398c4/go.mod h1:Aa9Ck9xND6QKwxOqXK3ViiOKrpsIKuCnuJnz/6MMgtg=
github.com/dmibod/kanban/tools/msg v0.0.0-20181216131007-ce19ff816ada h1:2rp6DKfByHGSKcfBtgxB5kz3ThkUL59DVtgpFobllFU=
github.com/dmibod/kanban/tools/msg v0.0.0-20181216131007-ce19ff816ada/go.mod h1:Aa9Ck9xND6QKwxOqXK3ViiOKrpsIKuCnuJnz/6MMgtg=
github.com/dmibod/kanban/tools/msg v0.0.0-20181216132108-c9b485b1917f h1:egFfmi/mdc/zIQbbFwuAq+joCsPvcwZrSzHy/azaTUY=
github.com/dmibod/kanban/tools/msg v0.0.0-20181216132108-c9b485b1917f/go.mod h1:Aa9Ck9xND6QKwxOqXK3ViiOKrpsIKuCnuJnz/6MMgtg=
github.com/dmibod/kanban/tools/msg v0.0.0-20181216163648-8372a83d93cc h1:CXN8NHgk1SvanolEif4yW+0Y7BWEUlSgNuosEWtRnwg=
github.com/dmibod/kanban/tools/msg v0.0.0-20181216163648-8372a83d93cc/go.mod h1:Aa9Ck9xND6QKwxOqXK3ViiOKrpsIKuCnuJnz/6MMgtg=
github.com/dmibod/kanban/tools/msg/nats v0.0.0-20181208150914-75c5911398c4 h1:fqoKGeHgYwbkJUuXu8nhtzOx7087Vi0n8Eelh3UX4Xk=
github.com/dmibod/kanban/tools/msg/nats v0.0.0-20181208150914-75c5911398c4/go.mod h1:q+7hWghTW2Q/w4jfVp3tEFgrFrPY6nnANbuBggqkM+c=
github.com/dmibod/kanban/tools/msg/nats v0.0.0-20181216131007-ce19ff816ada h1:4brrVviPRQM+LISHH/L0Q2bugUacWfQpuNL1qu2sPIc=
github.com/dmibod/kanban/tools/msg/nats v0.0.0-20181216131007-ce19ff816ada/go.mod h1:q+7hWghTW2Q/w4jfVp3tEFgrFrPY6nnANbuBggqkM+c=
github.com/dmibod/kanban/tools/msg/nats v0.0.0-20181216132108-c9b485b1917f h1:o/C4n7Ta37WoIzJhW90EwwJ7Z9c/Tzec8aanqGKrfPk=
github.com/dmibod/kanban/tools/msg/nats v0.0.0-20181216132108-c9b485b1917f/go.mod h1:q+7hWghTW2Q/w4jfVp3tEFgrFrPY6nnANbuBggqkM+c=
github.com/dmibod/kanban/tools/msg/nats v0.0.0-20181216163648-8372a83d93cc h1:CMZTihwLgDjksH07TTkUH8l4xXddwhd0XZhP7dmZ2RQ=
github.com/dmibod/kanban/tools/msg/nats v0.0.0-20181216163648-8372a83d93cc/go.mod h1:q+7hWghTW2Q/w4jfVp3tEFgrFrPY6nnANbuBggqkM+c=
github.com/dmibod/kanban/tools/mux v0.0.0-20181212142123-527bfdb9bd45/go.mod h1:hZmwnELCBBo+aOxkQVTm/l/MjaPIN7Y0HuH7up1Vl7k=
github.com/dmibod/kanban/tools/mux v0.0.0-20181212160820-08bbdf9a1c85 h1:qFxOboQXs1VsQMdS+2QBpcWhqQdNxMNdHsB0ylWyCU4=
github.com/dmibod/kanban/tools/mux v0.0.0-20181212160820-08bbdf9a1c85/go.mod h1:hZmwnELCBBo+aOxkQVTm/l/MjaPIN7Y0HuH7up1Vl7k=
github.com/dmibod/kanban/tools/mux v0.0.0-20181216122721-7b52dcdad48b h1:kTUHbmDrLyfoWDi4P/z7VPNjjOrLouBz1F+viebs5Mc=
github.com/dmibod/kanban/tools/mux v0.0.0-20181216122721-7b52dcdad48b/go.mod h1:hZmwnELCBBo+aOxkQVTm/l/MjaPIN7Y0HuH7up1Vl7k=
github.com/dmibod/kanban/tools/mux v0.0.0-20181216130614-33895de82684/go.mod h1:hZmwnELCBBo+aOxkQVTm/l/MjaPIN7Y0HuH7up1Vl7k=
github.com/dmibod/kanban/tools/mux v0.0.0-20181216131007-ce19ff816ada h1:H99BRNvgV7A6QRVvq8v6E5979RCWxmxetpH3qAFcuSI=
github.com/dmibod/kanban/tools/mux v0.0.0-20181216131007-ce19ff816ada/go.mod h1:hZmwnELCBBo+aOxkQVTm/l/MjaPIN7Y0HuH7up1Vl7k=
github.com/dmibod/kanban/tools/mux v0.0.0-20181216132108-c9b485b1917f h1:uaK6C2Bac/nne5pA+Zn0s/hZcb1aujiy5hRPp7l4Ts8=
github.com/dmibod/kanban/tools/mux v0.0.0-20181216132108-c9b485b1917f/go.mod h1:hZmwnELCBBo+aOxkQVTm/l/MjaPIN7Y0HuH7up1Vl7k=
github.com/dmibod/kanban/tools/mux v0.0.0-20181216163352-5b00f3cc155f/go.mod h1:hZmwnELCBBo+aOxkQVTm/l/MjaPIN7Y0HuH7up1Vl7k=
github.com/dmibod/kanban/tools/mux v0.0.0-20181216163648-8372a83d93cc h1:lS/fNs4HsWvL0XblPK1OP65cV06hVwIArRq5H5DoJ94=
github.com/dmibod/kanban/tools/mux v0.0.0-20181216163648-8372a83d93cc/go.mod h1:hZmwnELCBBo+aOxkQVTm/l/MjaPIN7Y0HuH7up1Vl7k=
github.com/dmibod/kanban/tools/mux/http v0.0.0-20181214130221-2d7aa12c129c h1:j0A8dv3D4Gt9jjCRsdkV37IzYMonm0lFe4no6KdASeE=
github.com/dmibod/kanban/tools/mux/http v0.0.0-20181214130221-2d7aa12c129c/go.mod h1:Z8ShoUbJZIaB5w1kiLz9S0V6AegsHJad2zE1mjmFMBs=
github.com/dmibod/kanban/tools/mux/http v0.0.0-20181216131007-ce19ff816ada h1:2kL9wRughnhrDXLcs4fjRXnec/htZMtAWhJICn39oCc=
github.com/dmibod/kanban/tools/mux/http v0.0.0-20181216131007-ce19ff816ada/go.mod h1:7JHP1IlRHcbE068lflfW7Ue852VHSOHKoQEn2l2oxJk=
github.com/dmibod/kanban/tools/mux/http v0.0.0-20181216132108-c9b485b1917f h1:qgO4GF+/VXgaKe2RKMYSiNS0pOlnJG04kvDSdhW3ao0=
github.com/dmibod/kanban/tools/mux/http v0.0.0-20181216132108-c9b485b1917f/go.mod h1:7JHP1IlRHcbE068lflfW7Ue852VHSOHKoQEn2l2oxJk=
github.com/dmibod/kanban/tools/mux/http v0.0.0-20181216163648-8372a83d93cc h1:3tx0kLinmYUPEIiwryz/A5RMSeNIRf7nPAgpJzdOgNM=
github.com/dmibod/kanban/tools/mux/http v0.0.0-20181216163648-8372a83d93cc/go.mod h1:6EanVF8OaF7csoSol6rnW8q9mDfNHxcAsirKvr1lO8Y=
github.com/golang/protobuf v1.2.0 h1:P3YflyNX/ehuJFLhxviNdFxQPkGK5cDcApsge1SqnvM=
github.com/golang/protobuf v1.2.0/go.mod h1:6lQm79b+lXiMfvg/cZm0SGofjICqVBUtrP5yJMmIC1U=
github.com/gorilla/websocket v1.4.0 h1:WDFjx/TMzVgy9VdMMQi2K2Emtwi2QcUQsztZ/zLaH/Q=
github.com/gorilla/websocket v1.4.0/go.mod h1:E7qHFY5m1UJ88s3WnNqhKjPHQ0heANvMoAMk2YaljkQ=
github.com/nats-io/gnatsd v1.3.0 h1:+5d80klu3QaJgNbdavVBjWJP7cHd11U2CLnRTFM9ICI=
github.com/nats-io/gnatsd v1.3.0/go.mod h1:nqco77VO78hLCJpIcVfygDP2rPGfsEHkGTUk94uh5DQ=
github.com/nats-io/go-nats v1.6.0 h1:FznPwMfrVwGnSCh7JTXyJDRW0TIkD4Tr+M1LPJt9T70=
github.com/nats-io/go-nats v1.6.0/go.mod h1:+t7RHT5ApZebkrQdnn6AhQJmhJJiKAvJUio1PiiCtj0=
github.com/nats-io/go-nats v1.7.0 h1:oQOfHcLr8hb43QG8yeVyY2jtarIaTjOv41CGdF3tTvQ=
github.com/nats-io/go-nats v1.7.0/go.mod h1:+t7RHT5ApZebkrQdnn6AhQJmhJJiKAvJUio1PiiCtj0=
github.com/nats-io/nkeys v0.0.2 h1:+qM7QpgXnvDDixitZtQUBDY9w/s9mu1ghS+JIbsrx6M=
github.com/nats-io/nkeys v0.0.2/go.mod h1:dab7URMsZm6Z/jp9Z5UGa87Uutgc2mVpXLC4B7TDb/4=
github.com/nats-io/nuid v1.0.0 h1:44QGdhbiANq8ZCbUkdn6W5bqtg+mHuDE4wOUuxxndFs=
github.com/nats-io/nuid v1.0.0/go.mod h1:19wcPz3Ph3q0Jbyiqsd0kePYG7A95tJPxeL+1OSON2c=
golang.org/x/crypto v0.0.0-20181203042331-505ab145d0a9 h1:mKdxBk7AujPs8kU4m80U72y/zjbZ3UcXC7dClwKbUI0=
golang.org/x/crypto v0.0.0-20181203042331-505ab145d0a9/go.mod h1:6SG95UA2DQfeDnfUPMdvaQW0Q7yPrPDi9nlGo2tz2b4=
golang.org/x/sync v0.0.0-20181108010431-42b317875d0f h1:Bl/8QSvNqXvPGPGXa2z5xUTmV7VDcZyvRZ+QQXkXTZQ=
golang.org/x/sync v0.0.0-20181108010431-42b317875d0f/go.mod h1:RxMgew5VJxzue5/jJTE5uejpjVlOe/izrB70Jof72aM=
golang.org/x/sys v0.0.0-20181128092732-4ed8d59d0b35 h1:YAFjXN64LMvktoUZH9zgY4lGc/msGN7HQfoSuKCgaDU=
golang.org/x/sys v0.0.0-20181128092732-4ed8d59d0b35/go.mod h1:STP8DvDyc/dI5b8T5hshtkjS+E42TnysNCUPdjciGhY=
golang.org/x/sys v0.0.0-20181213200352-4d1cda033e06/go.mod h1:STP8DvDyc/dI5b8T5hshtkjS+E42TnysNCUPdjciGhY=
