github.com/davecgh/go-spew v1.1.1 h1:vj9j/u1bqnvCEfJOwUhtlOARqs3+rkHYY13jYWTU97c=
github.com/davecgh/go-spew v1.1.1/go.mod h1:J7Y8YcW2NihsgmVo/mv3lAwl/skON4iLHjSsI+c5H38=
github.com/dmibod/kanban/command v0.0.0-20181215150619-1989c5d7584e h1:NLxdJ1llEHmC0w9pz/T+3Klb1B+2xIj8U/c87sj6NoE=
github.com/dmibod/kanban/command v0.0.0-20181215150619-1989c5d7584e/go.mod h1:K5aF9vfrSgx3nXd71tqL42D+cjYQ/WPwNDe3JHrTxao=
github.com/dmibod/kanban/command v0.0.0-20181216122721-7b52dcdad48b h1:76RBA5B1cHMYLDmeNte/8qXHpin2SuJmtQ/erqs4Dl4=
github.com/dmibod/kanban/command v0.0.0-20181216122721-7b52dcdad48b/go.mod h1:K5aF9vfrSgx3nXd71tqL42D+cjYQ/WPwNDe3JHrTxao=
github.com/dmibod/kanban/command v0.0.0-20181216131007-ce19ff816ada h1:E8zC2HRySLj9E3LirWeLucx5S2xTxDrv4J7FUP/Kxwo=
github.com/dmibod/kanban/command v0.0.0-20181216131007-ce19ff816ada/go.mod h1:K5aF9vfrSgx3nXd71tqL42D+cjYQ/WPwNDe3JHrTxao=
github.com/dmibod/kanban/command v0.0.0-20181216132108-c9b485b1917f h1:hbOFozckoEYm19pkvI/6YnAjYYS6xvL9BhSnD5DHTuY=
github.com/dmibod/kanban/command v0.0.0-20181216132108-c9b485b1917f/go.mod h1:K5aF9vfrSgx3nXd71tqL42D+cjYQ/WPwNDe3JHrTxao=
github.com/dmibod/kanban/command v0.0.0-20181216132316-8b0bbbecea57 h1:Ri7qYqI8xWiRzOhrDKnCSCUbQ7l4cIXuN3qqjYpKL9k=
github.com/dmibod/kanban/command v0.0.0-20181216132316-8b0bbbecea57/go.mod h1:6wiSCX6497WTOw/qPa9Ry+kNR6xY4fw/Dv5xF7qL7tQ=
github.com/dmibod/kanban/command v0.0.0-20181216133749-49d876ba4b0a h1:BoZz/vaQoXNdFdSPWrURekfnnWK+9DodxdcjkPJexB0=
github.com/dmibod/kanban/command v0.0.0-20181216133749-49d876ba4b0a/go.mod h1:6wiSCX6497WTOw/qPa9Ry+kNR6xY4fw/Dv5xF7qL7tQ=
github.com/dmibod/kanban/command v0.0.0-20181216163648-8372a83d93cc h1:uQ/irO+84Yx2CRalU+VundmSnfttAtWlpsb79Gah7ys=
github.com/dmibod/kanban/command v0.0.0-20181216163648-8372a83d93cc/go.mod h1:6wiSCX6497WTOw/qPa9Ry+kNR6xY4fw/Dv5xF7qL7tQ=
github.com/dmibod/kanban/kernel v0.0.0-20181208141136-ac7707e63be2/go.mod h1:Mmd5dLmtpkJAaJsH8qiSxVF1CfqaM72iiQiJ+Uy9q4A=
github.com/dmibod/kanban/kernel v0.0.0-20181208150914-75c5911398c4/go.mod h1:Mmd5dLmtpkJAaJsH8qiSxVF1CfqaM72iiQiJ+Uy9q4A=
github.com/dmibod/kanban/kernel v0.0.0-20181208160737-2e4addd60f10 h1:giO7hZ12taYSkA5USkMRbw5h7YXv483VRbDLaPHi430=
github.com/dmibod/kanban/kernel v0.0.0-20181208160737-2e4addd60f10/go.mod h1:Mmd5dLmtpkJAaJsH8qiSxVF1CfqaM72iiQiJ+Uy9q4A=
github.com/dmibod/kanban/kernel v0.0.0-20181208162645-cf1ab3deaf5c h1:PJO9U0+Std2sMBcOQc+VmmiZwlGy280IXYQOjC803bc=
github.com/dmibod/kanban/kernel v0.0.0-20181208162645-cf1ab3deaf5c/go.mod h1:Mmd5dLmtpkJAaJsH8qiSxVF1CfqaM72iiQiJ+Uy9q4A=
github.com/dmibod/kanban/kernel v0.0.0-20181215150153-80ef2b21448c/go.mod h1:Mmd5dLmtpkJAaJsH8qiSxVF1CfqaM72iiQiJ+Uy9q4A=
github.com/dmibod/kanban/kernel v0.0.0-20181215150619-1989c5d7584e h1:XkwznO/2g7JAJGWSnC1olifhafZzxnVIPorMJyliOBI=
github.com/dmibod/kanban/kernel v0.0.0-20181215150619-1989c5d7584e/go.mod h1:Mmd5dLmtpkJAaJsH8qiSxVF1CfqaM72iiQiJ+Uy9q4A=
github.com/dmibod/kanban/kernel v0.0.0-20181216122721-7b52dcdad48b h1:bIGL0sdXAvloC5oMb5MEiS+xVMBIZCU03UMYeS3nI7M=
github.com/dmibod/kanban/kernel v0.0.0-20181216122721-7b52dcdad48b/go.mod h1:Mmd5dLmtpkJAaJsH8qiSxVF1CfqaM72iiQiJ+Uy9q4A=
github.com/dmibod/kanban/kernel v0.0.0-20181216131007-ce19ff816ada h1:4Hg8vCmFd141f9hx7drb/0cjBS+efuYjtIjE5Gno5yU=
github.com/dmibod/kanban/kernel v0.0.0-20181216131007-ce19ff816ada/go.mod h1:Mmd5dLmtpkJAaJsH8qiSxVF1CfqaM72iiQiJ+Uy9q4A=
github.com/dmibod/kanban/kernel v0.0.0-20181216132108-c9b485b1917f h1:S3TCqyV2K3oaKTiAvV0CbPRF6d7GFo43WoecKTn6j9w=
github.com/dmibod/kanban/kernel v0.0.0-20181216132108-c9b485b1917f/go.mod h1:Mmd5dLmtpkJAaJsH8qiSxVF1CfqaM72iiQiJ+Uy9q4A=
github.com/dmibod/kanban/kernel v0.0.0-20181216132316-8b0bbbecea57 h1:GujWVkFKkGgwHuoeSHOqLOY0gYRwtxBvrll1eficdFo=
github.com/dmibod/kanban/kernel v0.0.0-20181216132316-8b0bbbecea57/go.mod h1:Mmd5dLmtpkJAaJsH8qiSxVF1CfqaM72iiQiJ+Uy9q4A=
github.com/dmibod/kanban/kernel v0.0.0-20181216133749-49d876ba4b0a h1:sllkI6h+NsZBOQ8FWNiOaAEbF1sCMmSndx9yGFKSjtQ=
github.com/dmibod/kanban/kernel v0.0.0-20181216133749-49d876ba4b0a/go.mod h1:Mmd5dLmtpkJAaJsH8qiSxVF1CfqaM72iiQiJ+Uy9q4A=
github.com/dmibod/kanban/kernel v0.0.0-20181216163648-8372a83d93cc h1:DSGArtGPVkdBMxcjtJwTwwhJThSfbg/Jq/JSyeuv0rM=
github.com/dmibod/kanban/kernel v0.0.0-20181216163648-8372a83d93cc/go.mod h1:Mmd5dLmtpkJAaJsH8qiSxVF1CfqaM72iiQiJ+Uy9q4A=
github.com/dmibod/kanban/notify v0.0.0-20181215150619-1989c5d7584e h1:LxVDmer7cEAbII6XSPkD1ShiHAE1mHAyUly1djG3WF8=
github.com/dmibod/kanban/notify v0.0.0-20181215150619-1989c5d7584e/go.mod h1:bqSeNA5rLYRXidyY8Np17LQcji9Uz2UOljsqNIhLzAg=
github.com/dmibod/kanban/notify v0.0.0-20181216122721-7b52dcdad48b h1:4YWj7ldVJgpjuLqxZdJP5FHNs0cZKp5+RqI8GqoECGY=
github.com/dmibod/kanban/notify v0.0.0-20181216122721-7b52dcdad48b/go.mod h1:bqSeNA5rLYRXidyY8Np17LQcji9Uz2UOljsqNIhLzAg=
github.com/dmibod/kanban/notify v0.0.0-20181216131007-ce19ff816ada h1:uo86LztRzZflSIt4xfltr3DFQ2QfikpXr4e+/6Nv884=
github.com/dmibod/kanban/notify v0.0.0-20181216131007-ce19ff816ada/go.mod h1:EGdhigU03m+FA6//z3NBCg6vx0sKyTLLmYupyKl6Rk0=
github.com/dmibod/kanban/notify v0.0.0-20181216132108-c9b485b1917f h1:prUe5HmQdd7W5LnJRxok8HH65CDm4tQjQVVZzvJLzPY=
github.com/dmibod/kanban/notify v0.0.0-20181216132108-c9b485b1917f/go.mod h1:EGdhigU03m+FA6//z3NBCg6vx0sKyTLLmYupyKl6Rk0=
github.com/dmibod/kanban/notify v0.0.0-20181216132316-8b0bbbecea57 h1:tMhNiUBnIGwvXBOVqyovP0VMjVZYvFQEn0niapoRi2M=
github.com/dmibod/kanban/notify v0.0.0-20181216132316-8b0bbbecea57/go.mod h1:4J6Tm1/m+5pPk93HjY0sbSvweQP/In5e7A0lc/bckrk=
github.com/dmibod/kanban/notify v0.0.0-20181216133749-49d876ba4b0a h1:5oWcplT+SuTx6D6UEfEK1vB14uayoyHHxvWAFI+NLN4=
github.com/dmibod/kanban/notify v0.0.0-20181216133749-49d876ba4b0a/go.mod h1:4J6Tm1/m+5pPk93HjY0sbSvweQP/In5e7A0lc/bckrk=
github.com/dmibod/kanban/notify v0.0.0-20181216163648-8372a83d93cc h1:jOm2RJb+mySvVeyhMIMHHQbOy6JzUIUaNVAYBaXt5NM=
github.com/dmibod/kanban/notify v0.0.0-20181216163648-8372a83d93cc/go.mod h1:4J6Tm1/m+5pPk93HjY0sbSvweQP/In5e7A0lc/bckrk=
github.com/dmibod/kanban/process v0.0.0-20181215150619-1989c5d7584e h1:CW7qnkw9L0PDaYyQ7rjAMBuP3Ymwun4lpYzE6omQBGQ=
github.com/dmibod/kanban/process v0.0.0-20181215150619-1989c5d7584e/go.mod h1:Gk3U2+yIa+/1MdAQ0ezQi+Z1YkhLwD3C3GVP4i9WryI=
github.com/dmibod/kanban/process v0.0.0-20181216122721-7b52dcdad48b h1:rFzX0ba5PewcFRhlggwaYU0GxRKtdXDJ72+Ah5mHteE=
github.com/dmibod/kanban/process v0.0.0-20181216122721-7b52dcdad48b/go.mod h1:Gk3U2+yIa+/1MdAQ0ezQi+Z1YkhLwD3C3GVP4i9WryI=
github.com/dmibod/kanban/process v0.0.0-20181216131007-ce19ff816ada h1:BXsgOl2dnCn1iZhkA9qW+nbwghA65/G5/wU1983VxRU=
github.com/dmibod/kanban/process v0.0.0-20181216131007-ce19ff816ada/go.mod h1:Gk3U2+yIa+/1MdAQ0ezQi+Z1YkhLwD3C3GVP4i9WryI=
github.com/dmibod/kanban/process v0.0.0-20181216132108-c9b485b1917f h1:nrMRsFs8WnAAgSwDe8g5M0oJbqstEVYwmkr9Q+obu/0=
github.com/dmibod/kanban/process v0.0.0-20181216132108-c9b485b1917f/go.mod h1:Gk3U2+yIa+/1MdAQ0ezQi+Z1YkhLwD3C3GVP4i9WryI=
github.com/dmibod/kanban/process v0.0.0-20181216132316-8b0bbbecea57 h1:yEuIcoOMV44qdQIe0VQftnEVd0tHWTSyyOPIioAn2B8=
github.com/dmibod/kanban/process v0.0.0-20181216132316-8b0bbbecea57/go.mod h1:i6KRb85hpTfh4j1eJzr5EwooyjSTCknozgLqy2zKavs=
github.com/dmibod/kanban/process v0.0.0-20181216133749-49d876ba4b0a h1:EhOq6K6caqi4p1MaY2fGDPqOJ1c7Tz/GMFE3sKZAn6M=
github.com/dmibod/kanban/process v0.0.0-20181216133749-49d876ba4b0a/go.mod h1:i6KRb85hpTfh4j1eJzr5EwooyjSTCknozgLqy2zKavs=
github.com/dmibod/kanban/process v0.0.0-20181216163648-8372a83d93cc h1:U77k37N2kXzTTrm1tlMNWQRn8YbSe4mEBLh84cCCJ/8=
github.com/dmibod/kanban/process v0.0.0-20181216163648-8372a83d93cc/go.mod h1:i6KRb85hpTfh4j1eJzr5EwooyjSTCknozgLqy2zKavs=
github.com/dmibod/kanban/query v0.0.0-20181215150619-1989c5d7584e h1:yt5/oAVC6qqMXwhpGM0cqQpx8Zopv67xUfD6HRE1WL8=
github.com/dmibod/kanban/query v0.0.0-20181215150619-1989c5d7584e/go.mod h1:ACZ5es7hNerFquJLw2OrAFQW3qNvHL2j/gmNfTnK0kU=
github.com/dmibod/kanban/query v0.0.0-20181216122721-7b52dcdad48b h1:NayB+uWmpjmuU4T5cMnfq4PiF9nCnMCeX/I/YocOjnE=
github.com/dmibod/kanban/query v0.0.0-20181216122721-7b52dcdad48b/go.mod h1:ACZ5es7hNerFquJLw2OrAFQW3qNvHL2j/gmNfTnK0kU=
github.com/dmibod/kanban/query v0.0.0-20181216131007-ce19ff816ada h1:h/EEHeSi8y782wfJ1BDZSXHpVEDDi/d6kmZ2wyD4Hj8=
github.com/dmibod/kanban/query v0.0.0-20181216131007-ce19ff816ada/go.mod h1:Da2URt1V2qTKA65CY/w1zTbp4WrTtN5QgMC6K2Iho/4=
github.com/dmibod/kanban/query v0.0.0-20181216132108-c9b485b1917f h1:MUwHktwxATmfB4u9sjOeyv4pi8H4ozBJ+E1pMe1EvTU=
github.com/dmibod/kanban/query v0.0.0-20181216132108-c9b485b1917f/go.mod h1:Da2URt1V2qTKA65CY/w1zTbp4WrTtN5QgMC6K2Iho/4=
github.com/dmibod/kanban/query v0.0.0-20181216132316-8b0bbbecea57 h1:VZEO0osAqfEo936RodBP7FmWESAba/AVlpWQqU8+IqE=
github.com/dmibod/kanban/query v0.0.0-20181216132316-8b0bbbecea57/go.mod h1:qjFsUsH901AC21iCugnxBSCVZq080WJDAnQ2dMnwGaA=
github.com/dmibod/kanban/query v0.0.0-20181216133749-49d876ba4b0a h1:pH7/3SVYKouiyriY68M6ZXVO/baLvdjYKx4rPX24Vdw=
github.com/dmibod/kanban/query v0.0.0-20181216133749-49d876ba4b0a/go.mod h1:qjFsUsH901AC21iCugnxBSCVZq080WJDAnQ2dMnwGaA=
github.com/dmibod/kanban/query v0.0.0-20181216163648-8372a83d93cc h1:tKG4ib2I9fK/fm1QO7tbXygU7m9o/pWYyNLHUdvziHE=
github.com/dmibod/kanban/query v0.0.0-20181216163648-8372a83d93cc/go.mod h1:qjFsUsH901AC21iCugnxBSCVZq080WJDAnQ2dMnwGaA=
github.com/dmibod/kanban/tools/db v0.0.0-20181212190758-e3211df24060/go.mod h1:w714dxy5/8M2M/lTFwnvuZRYWLNmPPPJVmALyenzeaY=
github.com/dmibod/kanban/tools/db v0.0.0-20181212191045-586572261fa2 h1:plkYk/9Rdh53l0/+i2TFkNPtPKflMEap+0lst64jKlI=
github.com/dmibod/kanban/tools/db v0.0.0-20181212191045-586572261fa2/go.mod h1:w714dxy5/8M2M/lTFwnvuZRYWLNmPPPJVmALyenzeaY=
github.com/dmibod/kanban/tools/db v0.0.0-20181214164840-b678a6a97b23 h1:8UnB4bxqr0SU1FHqdhl8g6aVplq89X/Wtkc4KVhRKtw=
github.com/dmibod/kanban/tools/db v0.0.0-20181214164840-b678a6a97b23/go.mod h1:w714dxy5/8M2M/lTFwnvuZRYWLNmPPPJVmALyenzeaY=
github.com/dmibod/kanban/tools/db v0.0.0-20181215150619-1989c5d7584e h1:7A5HQvkQ7lNsFTg7/LvnZLE9YmoolX8M4tneb7idrPw=
github.com/dmibod/kanban/tools/db v0.0.0-20181215150619-1989c5d7584e/go.mod h1:PbOU43PaqTLrPyY1wzUqAHgLCY6UbsJYAxXoUpAUj0A=
github.com/dmibod/kanban/tools/db v0.0.0-20181216122721-7b52dcdad48b h1:KB5lOyTT7CRBVVW0q+WwMK9YnNROPzUZa/sH/mq+LXk=
github.com/dmibod/kanban/tools/db v0.0.0-20181216122721-7b52dcdad48b/go.mod h1:PbOU43PaqTLrPyY1wzUqAHgLCY6UbsJYAxXoUpAUj0A=
github.com/dmibod/kanban/tools/db v0.0.0-20181216131007-ce19ff816ada h1:gzLgFbktNHZ2GSho+bmDfggblxNnkA/UThoPpZ3YtfE=
github.com/dmibod/kanban/tools/db v0.0.0-20181216131007-ce19ff816ada/go.mod h1:PbOU43PaqTLrPyY1wzUqAHgLCY6UbsJYAxXoUpAUj0A=
github.com/dmibod/kanban/tools/db v0.0.0-20181216132108-c9b485b1917f h1:01dEt0rB2J2bRfZ3uXGYbNZ1mmD6oAi9UFmb3YkIhKs=
github.com/dmibod/kanban/tools/db v0.0.0-20181216132108-c9b485b1917f/go.mod h1:PbOU43PaqTLrPyY1wzUqAHgLCY6UbsJYAxXoUpAUj0A=
github.com/dmibod/kanban/tools/db v0.0.0-20181216132316-8b0bbbecea57 h1:udQMhmwXNYGmWSq6wMzJ4m96xQ6io1YF76NaCtbhlSg=
github.com/dmibod/kanban/tools/db v0.0.0-20181216132316-8b0bbbecea57/go.mod h1:PbOU43PaqTLrPyY1wzUqAHgLCY6UbsJYAxXoUpAUj0A=
github.com/dmibod/kanban/tools/db v0.0.0-20181216133749-49d876ba4b0a h1:W4ZLMXoK4McQ5vAto/GPPApqe/grcf7bz5lCeu6JOqA=
github.com/dmibod/kanban/tools/db v0.0.0-20181216133749-49d876ba4b0a/go.mod h1:PbOU43PaqTLrPyY1wzUqAHgLCY6UbsJYAxXoUpAUj0A=
github.com/dmibod/kanban/tools/db v0.0.0-20181216163648-8372a83d93cc h1:hHu5rI4x7ukLbEIYb7X0IaENhFLm8s5pjbC8yrII0mQ=
github.com/dmibod/kanban/tools/db v0.0.0-20181216163648-8372a83d93cc/go.mod h1:PbOU43PaqTLrPyY1wzUqAHgLCY6UbsJYAxXoUpAUj0A=
github.com/dmibod/kanban/tools/db/mongo v0.0.0-20181212191045-586572261fa2 h1:9m8dSmPbtW5ql3c2I/ilD10AE27XBYWd/N8iQA5FhxM=
github.com/dmibod/kanban/tools/db/mongo v0.0.0-20181212191045-586572261fa2/go.mod h1:uk2evVTLvDlxDD1Yk8XMSjhwJenoo4bNtsxKLUO+pD0=
github.com/dmibod/kanban/tools/db/mongo v0.0.0-20181215150619-1989c5d7584e h1:jxR/+dQBXNICbyv9PmqDCjPNAOmsZYx59wA6kMRd+gg=
github.com/dmibod/kanban/tools/db/mongo v0.0.0-20181215150619-1989c5d7584e/go.mod h1:uk2evVTLvDlxDD1Yk8XMSjhwJenoo4bNtsxKLUO+pD0=
github.com/dmibod/kanban/tools/db/mongo v0.0.0-20181216122721-7b52dcdad48b h1:DA/DgNmpoeLq55ALGoC0FvojUQcYZnaRoCf1Hg3NmNo=
github.com/dmibod/kanban/tools/db/mongo v0.0.0-20181216122721-7b52dcdad48b/go.mod h1:uk2evVTLvDlxDD1Yk8XMSjhwJenoo4bNtsxKLUO+pD0=
github.com/dmibod/kanban/tools/db/mongo v0.0.0-20181216131007-ce19ff816ada h1:jEXtPq3+Kz7R0UVCoaonLCVIIwUNP6w3Ioe+PkrEY3Q=
github.com/dmibod/kanban/tools/db/mongo v0.0.0-20181216131007-ce19ff816ada/go.mod h1:uk2evVTLvDlxDD1Yk8XMSjhwJenoo4bNtsxKLUO+pD0=
github.com/dmibod/kanban/tools/db/mongo v0.0.0-20181216132108-c9b485b1917f h1:2B7BwZ0ZEdZMCsWoZ/cefhEPXleQaHvI1SnCER3nokA=
github.com/dmibod/kanban/tools/db/mongo v0.0.0-20181216132108-c9b485b1917f/go.mod h1:uk2evVTLvDlxDD1Yk8XMSjhwJenoo4bNtsxKLUO+pD0=
github.com/dmibod/kanban/tools/db/mongo v0.0.0-20181216132316-8b0bbbecea57 h1:l4YM3sg+pjiR/tslAVUXNExMUu3IRHZyFCWAtLHqnY0=
github.com/dmibod/kanban/tools/db/mongo v0.0.0-20181216132316-8b0bbbecea57/go.mod h1:uk2evVTLvDlxDD1Yk8XMSjhwJenoo4bNtsxKLUO+pD0=
github.com/dmibod/kanban/tools/db/mongo v0.0.0-20181216133749-49d876ba4b0a h1:OEAI3UDLBlP9P3zifXBq3+vfYbmkfzpngYCamyETMtg=
github.com/dmibod/kanban/tools/db/mongo v0.0.0-20181216133749-49d876ba4b0a/go.mod h1:uk2evVTLvDlxDD1Yk8XMSjhwJenoo4bNtsxKLUO+pD0=
github.com/dmibod/kanban/tools/db/mongo v0.0.0-20181216163648-8372a83d93cc h1:ylo6dbNiUXk+vz1XYgA9YqW9AzXni7ll6q/XI4546Ag=
github.com/dmibod/kanban/tools/db/mongo v0.0.0-20181216163648-8372a83d93cc/go.mod h1:uk2evVTLvDlxDD1Yk8XMSjhwJenoo4bNtsxKLUO+pD0=
github.com/dmibod/kanban/tools/msg v0.0.0-20181208125028-a02f20cbee03/go.mod h1:Aa9Ck9xND6QKwxOqXK3ViiOKrpsIKuCnuJnz/6MMgtg=
github.com/dmibod/kanban/tools/msg v0.0.0-20181208141136-ac7707e63be2/go.mod h1:Aa9Ck9xND6QKwxOqXK3ViiOKrpsIKuCnuJnz/6MMgtg=
github.com/dmibod/kanban/tools/msg v0.0.0-20181208150914-75c5911398c4 h1:5l5PIJ1AHX1P168yUec8o5vnKKTGyxq5nJnSbzh2QIE=
github.com/dmibod/kanban/tools/msg v0.0.0-20181208150914-75c5911398c4/go.mod h1:Aa9Ck9xND6QKwxOqXK3ViiOKrpsIKuCnuJnz/6MMgtg=
github.com/dmibod/kanban/tools/msg v0.0.0-20181215150153-80ef2b21448c/go.mod h1:Aa9Ck9xND6QKwxOqXK3ViiOKrpsIKuCnuJnz/6MMgtg=
github.com/dmibod/kanban/tools/msg v0.0.0-20181215150619-1989c5d7584e h1:KhFG0eesVRgaIaAo8g0p9jaShd84TbNCfLEshlYgKNM=
github.com/dmibod/kanban/tools/msg v0.0.0-20181215150619-1989c5d7584e/go.mod h1:Aa9Ck9xND6QKwxOqXK3ViiOKrpsIKuCnuJnz/6MMgtg=
github.com/dmibod/kanban/tools/msg v0.0.0-20181216122721-7b52dcdad48b h1:6Hv0ON4rJsZrZryJCxD4bc/+knFdvK7G/TCpopVtOr0=
github.com/dmibod/kanban/tools/msg v0.0.0-20181216122721-7b52dcdad48b/go.mod h1:Aa9Ck9xND6QKwxOqXK3ViiOKrpsIKuCnuJnz/6MMgtg=
github.com/dmibod/kanban/tools/msg v0.0.0-20181216131007-ce19ff816ada h1:2rp6DKfByHGSKcfBtgxB5kz3ThkUL59DVtgpFobllFU=
github.com/dmibod/kanban/tools/msg v0.0.0-20181216131007-ce19ff816ada/go.mod h1:Aa9Ck9xND6QKwxOqXK3ViiOKrpsIKuCnuJnz/6MMgtg=
github.com/dmibod/kanban/tools/msg v0.0.0-20181216132108-c9b485b1917f h1:egFfmi/mdc/zIQbbFwuAq+joCsPvcwZrSzHy/azaTUY=
github.com/dmibod/kanban/tools/msg v0.0.0-20181216132108-c9b485b1917f/go.mod h1:Aa9Ck9xND6QKwxOqXK3ViiOKrpsIKuCnuJnz/6MMgtg=
github.com/dmibod/kanban/tools/msg v0.0.0-20181216132316-8b0bbbecea57 h1:RuPdLibBVwXbN6gdqCDk3Rdd5re7xDTe360rtftAt+U=
github.com/dmibod/kanban/tools/msg v0.0.0-20181216132316-8b0bbbecea57/go.mod h1:Aa9Ck9xND6QKwxOqXK3ViiOKrpsIKuCnuJnz/6MMgtg=
github.com/dmibod/kanban/tools/msg v0.0.0-20181216133749-49d876ba4b0a h1:Pc1duSNtSgr2XEJYvz2NT5gip8OgOArvZbYccd74quQ=
github.com/dmibod/kanban/tools/msg v0.0.0-20181216133749-49d876ba4b0a/go.mod h1:Aa9Ck9xND6QKwxOqXK3ViiOKrpsIKuCnuJnz/6MMgtg=
github.com/dmibod/kanban/tools/msg v0.0.0-20181216163648-8372a83d93cc h1:CXN8NHgk1SvanolEif4yW+0Y7BWEUlSgNuosEWtRnwg=
github.com/dmibod/kanban/tools/msg v0.0.0-20181216163648-8372a83d93cc/go.mod h1:Aa9Ck9xND6QKwxOqXK3ViiOKrpsIKuCnuJnz/6MMgtg=
github.com/dmibod/kanban/tools/msg/nats v0.0.0-20181208141136-ac7707e63be2/go.mod h1:q+7hWghTW2Q/w4jfVp3tEFgrFrPY6nnANbuBggqkM+c=
github.com/dmibod/kanban/tools/msg/nats v0.0.0-20181208150914-75c5911398c4 h1:fqoKGeHgYwbkJUuXu8nhtzOx7087Vi0n8Eelh3UX4Xk=
github.com/dmibod/kanban/tools/msg/nats v0.0.0-20181208150914-75c5911398c4/go.mod h1:q+7hWghTW2Q/w4jfVp3tEFgrFrPY6nnANbuBggqkM+c=
github.com/dmibod/kanban/tools/msg/nats v0.0.0-20181215150153-80ef2b21448c/go.mod h1:q+7hWghTW2Q/w4jfVp3tEFgrFrPY6nnANbuBggqkM+c=
github.com/dmibod/kanban/tools/msg/nats v0.0.0-20181215150619-1989c5d7584e h1:geGirE/WqlDyLEearMedlIevAbNXxL3VEErWX8UMwDI=
github.com/dmibod/kanban/tools/msg/nats v0.0.0-20181215150619-1989c5d7584e/go.mod h1:q+7hWghTW2Q/w4jfVp3tEFgrFrPY6nnANbuBggqkM+c=
github.com/dmibod/kanban/tools/msg/nats v0.0.0-20181216122721-7b52dcdad48b h1:4Y/blzyNucrqExAJbTVHWj7YqMFkQLOe2VZpN0or5Jw=
github.com/dmibod/kanban/tools/msg/nats v0.0.0-20181216122721-7b52dcdad48b/go.mod h1:q+7hWghTW2Q/w4jfVp3tEFgrFrPY6nnANbuBggqkM+c=
github.com/dmibod/kanban/tools/msg/nats v0.0.0-20181216131007-ce19ff816ada h1:4brrVviPRQM+LISHH/L0Q2bugUacWfQpuNL1qu2sPIc=
github.com/dmibod/kanban/tools/msg/nats v0.0.0-20181216131007-ce19ff816ada/go.mod h1:q+7hWghTW2Q/w4jfVp3tEFgrFrPY6nnANbuBggqkM+c=
github.com/dmibod/kanban/tools/msg/nats v0.0.0-20181216132108-c9b485b1917f h1:o/C4n7Ta37WoIzJhW90EwwJ7Z9c/Tzec8aanqGKrfPk=
github.com/dmibod/kanban/tools/msg/nats v0.0.0-20181216132108-c9b485b1917f/go.mod h1:q+7hWghTW2Q/w4jfVp3tEFgrFrPY6nnANbuBggqkM+c=
github.com/dmibod/kanban/tools/msg/nats v0.0.0-20181216132316-8b0bbbecea57 h1:eYYZVZDgoMJlTGE8oi7KN7Du/7sx/fPIXhe+jssaKFw=
github.com/dmibod/kanban/tools/msg/nats v0.0.0-20181216132316-8b0bbbecea57/go.mod h1:q+7hWghTW2Q/w4jfVp3tEFgrFrPY6nnANbuBggqkM+c=
github.com/dmibod/kanban/tools/msg/nats v0.0.0-20181216133749-49d876ba4b0a h1:aZGbhZb0/HSIVfHaPYP2TnbDf0K5EWjMm9cMnIptH2A=
github.com/dmibod/kanban/tools/msg/nats v0.0.0-20181216133749-49d876ba4b0a/go.mod h1:q+7hWghTW2Q/w4jfVp3tEFgrFrPY6nnANbuBggqkM+c=
github.com/dmibod/kanban/tools/msg/nats v0.0.0-20181216163648-8372a83d93cc h1:CMZTihwLgDjksH07TTkUH8l4xXddwhd0XZhP7dmZ2RQ=
github.com/dmibod/kanban/tools/msg/nats v0.0.0-20181216163648-8372a83d93cc/go.mod h1:q+7hWghTW2Q/w4jfVp3tEFgrFrPY6nnANbuBggqkM+c=
github.com/dmibod/kanban/tools/mux v0.0.0-20181212142123-527bfdb9bd45 h1:lb+nyyd2xOWeFr+OsfBRllDkRm/KmxmZaF6U2co1JRY=
github.com/dmibod/kanban/tools/mux v0.0.0-20181212142123-527bfdb9bd45/go.mod h1:hZmwnELCBBo+aOxkQVTm/l/MjaPIN7Y0HuH7up1Vl7k=
github.com/dmibod/kanban/tools/mux v0.0.0-20181212155436-3341f4a0f51e/go.mod h1:hZmwnELCBBo+aOxkQVTm/l/MjaPIN7Y0HuH7up1Vl7k=
github.com/dmibod/kanban/tools/mux v0.0.0-20181212160820-08bbdf9a1c85/go.mod h1:hZmwnELCBBo+aOxkQVTm/l/MjaPIN7Y0HuH7up1Vl7k=
github.com/dmibod/kanban/tools/mux v0.0.0-20181215150153-80ef2b21448c/go.mod h1:hZmwnELCBBo+aOxkQVTm/l/MjaPIN7Y0HuH7up1Vl7k=
github.com/dmibod/kanban/tools/mux v0.0.0-20181215150619-1989c5d7584e h1:BDiFwH6zAhxqbYqadlSh+kH1LFf68zgCCX0gSytYwDs=
github.com/dmibod/kanban/tools/mux v0.0.0-20181215150619-1989c5d7584e/go.mod h1:hZmwnELCBBo+aOxkQVTm/l/MjaPIN7Y0HuH7up1Vl7k=
github.com/dmibod/kanban/tools/mux v0.0.0-20181216122721-7b52dcdad48b h1:kTUHbmDrLyfoWDi4P/z7VPNjjOrLouBz1F+viebs5Mc=
github.com/dmibod/kanban/tools/mux v0.0.0-20181216122721-7b52dcdad48b/go.mod h1:hZmwnELCBBo+aOxkQVTm/l/MjaPIN7Y0HuH7up1Vl7k=
github.com/dmibod/kanban/tools/mux v0.0.0-20181216130614-33895de82684/go.mod h1:hZmwnELCBBo+aOxkQVTm/l/MjaPIN7Y0HuH7up1Vl7k=
github.com/dmibod/kanban/tools/mux v0.0.0-20181216131007-ce19ff816ada h1:H99BRNvgV7A6QRVvq8v6E5979RCWxmxetpH3qAFcuSI=
github.com/dmibod/kanban/tools/mux v0.0.0-20181216131007-ce19ff816ada/go.mod h1:hZmwnELCBBo+aOxkQVTm/l/MjaPIN7Y0HuH7up1Vl7k=
github.com/dmibod/kanban/tools/mux v0.0.0-20181216132108-c9b485b1917f h1:uaK6C2Bac/nne5pA+Zn0s/hZcb1aujiy5hRPp7l4Ts8=
github.com/dmibod/kanban/tools/mux v0.0.0-20181216132108-c9b485b1917f/go.mod h1:hZmwnELCBBo+aOxkQVTm/l/MjaPIN7Y0HuH7up1Vl7k=
github.com/dmibod/kanban/tools/mux v0.0.0-20181216132316-8b0bbbecea57 h1:226xPEP4Qu0Zdn2AtDl2ll8DBaKU87uBXOAhCwdTvRA=
github.com/dmibod/kanban/tools/mux v0.0.0-20181216132316-8b0bbbecea57/go.mod h1:hZmwnELCBBo+aOxkQVTm/l/MjaPIN7Y0HuH7up1Vl7k=
github.com/dmibod/kanban/tools/mux v0.0.0-20181216133749-49d876ba4b0a h1:9bezYhfbD0pe3LmEBM8+iGqyBhYbRY83qfZOij+zxio=
github.com/dmibod/kanban/tools/mux v0.0.0-20181216133749-49d876ba4b0a/go.mod h1:hZmwnELCBBo+aOxkQVTm/l/MjaPIN7Y0HuH7up1Vl7k=
github.com/dmibod/kanban/tools/mux v0.0.0-20181216163352-5b00f3cc155f/go.mod h1:hZmwnELCBBo+aOxkQVTm/l/MjaPIN7Y0HuH7up1Vl7k=
github.com/dmibod/kanban/tools/mux v0.0.0-20181216163648-8372a83d93cc h1:lS/fNs4HsWvL0XblPK1OP65cV06hVwIArRq5H5DoJ94=
github.com/dmibod/kanban/tools/mux v0.0.0-20181216163648-8372a83d93cc/go.mod h1:hZmwnELCBBo+aOxkQVTm/l/MjaPIN7Y0HuH7up1Vl7k=
github.com/dmibod/kanban/tools/mux/http v0.0.0-20181214130221-2d7aa12c129c/go.mod h1:Z8ShoUbJZIaB5w1kiLz9S0V6AegsHJad2zE1mjmFMBs=
github.com/dmibod/kanban/tools/mux/http v0.0.0-20181214130645-8f8730b589ec h1:Smqu2Q2Ik0FvjHK3LoRJLf+iDAQ+aJyGKkB6S8PquvQ=
github.com/dmibod/kanban/tools/mux/http v0.0.0-20181214130645-8f8730b589ec/go.mod h1:Z8ShoUbJZIaB5w1kiLz9S0V6AegsHJad2zE1mjmFMBs=
github.com/dmibod/kanban/tools/mux/http v0.0.0-20181215150153-80ef2b21448c/go.mod h1:Z8ShoUbJZIaB5w1kiLz9S0V6AegsHJad2zE1mjmFMBs=
github.com/dmibod/kanban/tools/mux/http v0.0.0-20181215150619-1989c5d7584e h1:D6GfPma/FQm4i3wsqGkH7cYNdWvBfn7Gz4RAYzWQONQ=
github.com/dmibod/kanban/tools/mux/http v0.0.0-20181215150619-1989c5d7584e/go.mod h1:Z8ShoUbJZIaB5w1kiLz9S0V6AegsHJad2zE1mjmFMBs=
github.com/dmibod/kanban/tools/mux/http v0.0.0-20181216122721-7b52dcdad48b h1:xwUavo4v8wjfQgw+v3DR+q++LMBNcwPp2iKhpSvJCxI=
github.com/dmibod/kanban/tools/mux/http v0.0.0-20181216122721-7b52dcdad48b/go.mod h1:Z8ShoUbJZIaB5w1kiLz9S0V6AegsHJad2zE1mjmFMBs=
github.com/dmibod/kanban/tools/mux/http v0.0.0-20181216131007-ce19ff816ada h1:2kL9wRughnhrDXLcs4fjRXnec/htZMtAWhJICn39oCc=
github.com/dmibod/kanban/tools/mux/http v0.0.0-20181216131007-ce19ff816ada/go.mod h1:7JHP1IlRHcbE068lflfW7Ue852VHSOHKoQEn2l2oxJk=
github.com/dmibod/kanban/tools/mux/http v0.0.0-20181216132108-c9b485b1917f h1:qgO4GF+/VXgaKe2RKMYSiNS0pOlnJG04kvDSdhW3ao0=
github.com/dmibod/kanban/tools/mux/http v0.0.0-20181216132108-c9b485b1917f/go.mod h1:7JHP1IlRHcbE068lflfW7Ue852VHSOHKoQEn2l2oxJk=
github.com/dmibod/kanban/tools/mux/http v0.0.0-20181216132316-8b0bbbecea57 h1:bOYoHXTTPCXTfWEl7XAiHxIASMX5jnQ5IpxlBtc8CnQ=
github.com/dmibod/kanban/tools/mux/http v0.0.0-20181216132316-8b0bbbecea57/go.mod h1:7JHP1IlRHcbE068lflfW7Ue852VHSOHKoQEn2l2oxJk=
github.com/dmibod/kanban/tools/mux/http v0.0.0-20181216133749-49d876ba4b0a h1:j40C/uvDjW3b7RO/tmWELE1rPCVS0W5ZmXDNbTQx39s=
github.com/dmibod/kanban/tools/mux/http v0.0.0-20181216133749-49d876ba4b0a/go.mod h1:7JHP1IlRHcbE068lflfW7Ue852VHSOHKoQEn2l2oxJk=
github.com/dmibod/kanban/tools/mux/http v0.0.0-20181216163648-8372a83d93cc h1:3tx0kLinmYUPEIiwryz/A5RMSeNIRf7nPAgpJzdOgNM=
github.com/dmibod/kanban/tools/mux/http v0.0.0-20181216163648-8372a83d93cc/go.mod h1:6EanVF8OaF7csoSol6rnW8q9mDfNHxcAsirKvr1lO8Y=
github.com/dmibod/kanban/update v0.0.0-20181215150619-1989c5d7584e h1:TzOS9Aae9t2/bm/fUFviFnWJfUo7rBpURLsDULfx8ls=
github.com/dmibod/kanban/update v0.0.0-20181215150619-1989c5d7584e/go.mod h1:Lks4FxvwzzORTAF3VCdHI8Xcz4okui4nxsDzE9kdh1U=
github.com/dmibod/kanban/update v0.0.0-20181216122721-7b52dcdad48b h1:d6pDbNo+PYdahuzyQDp2qye8hL061q/miYMNg9eB6/A=
github.com/dmibod/kanban/update v0.0.0-20181216122721-7b52dcdad48b/go.mod h1:Lks4FxvwzzORTAF3VCdHI8Xcz4okui4nxsDzE9kdh1U=
github.com/dmibod/kanban/update v0.0.0-20181216131007-ce19ff816ada h1:ejic1sJ95r+63GE5FD7UGaarm6RrjHoQaL1rz2nPpqs=
github.com/dmibod/kanban/update v0.0.0-20181216131007-ce19ff816ada/go.mod h1:47y7TiPYHYG/PZ4xsSddCkLJxFuv/x/JX+7awwztajM=
github.com/dmibod/kanban/update v0.0.0-20181216132108-c9b485b1917f h1:mueTyKS+0MqOmpu7wZyOwDrrOmhEQf5PNQ3Upvm4/9s=
github.com/dmibod/kanban/update v0.0.0-20181216132108-c9b485b1917f/go.mod h1:47y7TiPYHYG/PZ4xsSddCkLJxFuv/x/JX+7awwztajM=
github.com/dmibod/kanban/update v0.0.0-20181216132316-8b0bbbecea57 h1:lY+DEuDQdwzCsXit3WQZCjbt0MrRfkRFimlTAmW+mWE=
github.com/dmibod/kanban/update v0.0.0-20181216132316-8b0bbbecea57/go.mod h1:Smxa2sTjoOopFBmQ9Z3uL1B+x7mktD61fQcWt88Vg00=
github.com/dmibod/kanban/update v0.0.0-20181216133749-49d876ba4b0a h1:7WNKUAzXE+Lo1CdcwIL8ZVofliF6VLwYuWUxlcVs3wA=
github.com/dmibod/kanban/update v0.0.0-20181216133749-49d876ba4b0a/go.mod h1:Smxa2sTjoOopFBmQ9Z3uL1B+x7mktD61fQcWt88Vg00=
github.com/dmibod/kanban/update v0.0.0-20181216163648-8372a83d93cc h1:0ZnyisbQifRjuund0kCTmMoOQHHjaRuiXcbCD45PVDg=
github.com/dmibod/kanban/update v0.0.0-20181216163648-8372a83d93cc/go.mod h1:Smxa2sTjoOopFBmQ9Z3uL1B+x7mktD61fQcWt88Vg00=
github.com/go-stack/stack v1.8.0 h1:5SgMzNM5HxrEjV0ww2lTmX6E2Izsfxas4+YHWRs3Lsk=
github.com/go-stack/stack v1.8.0/go.mod h1:v0f6uXyyMGvRgIKkXu+yp6POWl0qKG85gN/melR3HDY=
github.com/golang/protobuf v1.2.0 h1:P3YflyNX/ehuJFLhxviNdFxQPkGK5cDcApsge1SqnvM=
github.com/golang/protobuf v1.2.0/go.mod h1:6lQm79b+lXiMfvg/cZm0SGofjICqVBUtrP5yJMmIC1U=
github.com/golang/snappy v0.0.0-20180518054509-2e65f85255db h1:woRePGFeVFfLKN/pOkfl+p/TAqKOfFu+7KPlMVpok/w=
github.com/golang/snappy v0.0.0-20180518054509-2e65f85255db/go.mod h1:/XxbfmMg8lxefKM7IXC3fBNl/7bRcc72aCRzEWrmP2Q=
github.com/google/go-cmp v0.2.0 h1:+dTQ8DZQJz0Mb/HjFlkptS1FeQ4cWSnN941F8aEG4SQ=
github.com/google/go-cmp v0.2.0/go.mod h1:oXzfMopK8JAjlY9xF4vHSVASa0yLyX7SntLO5aqRK0M=
github.com/gorilla/websocket v1.4.0 h1:WDFjx/TMzVgy9VdMMQi2K2Emtwi2QcUQsztZ/zLaH/Q=
github.com/gorilla/websocket v1.4.0/go.mod h1:E7qHFY5m1UJ88s3WnNqhKjPHQ0heANvMoAMk2YaljkQ=
github.com/mongodb/mongo-go-driver v0.1.0 h1:LcpPFw0tNumIAakvNrkI9S9wdX0iOxvMLw/+hcAdHaU=
github.com/mongodb/mongo-go-driver v0.1.0/go.mod h1:NK/HWDIIZkaYsnYa0hmtP443T5ELr0KDecmIioVuuyU=
github.com/nats-io/gnatsd v1.3.0 h1:+5d80klu3QaJgNbdavVBjWJP7cHd11U2CLnRTFM9ICI=
github.com/nats-io/gnatsd v1.3.0/go.mod h1:nqco77VO78hLCJpIcVfygDP2rPGfsEHkGTUk94uh5DQ=
github.com/nats-io/go-nats v1.6.0 h1:FznPwMfrVwGnSCh7JTXyJDRW0TIkD4Tr+M1LPJt9T70=
github.com/nats-io/go-nats v1.6.0/go.mod h1:+t7RHT5ApZebkrQdnn6AhQJmhJJiKAvJUio1PiiCtj0=
github.com/nats-io/go-nats v1.7.0 h1:oQOfHcLr8hb43QG8yeVyY2jtarIaTjOv41CGdF3tTvQ=
github.com/nats-io/go-nats v1.7.0/go.mod h1:+t7RHT5ApZebkrQdnn6AhQJmhJJiKAvJUio1PiiCtj0=
github.com/nats-io/nkeys v0.0.2 h1:+qM7QpgXnvDDixitZtQUBDY9w/s9mu1ghS+JIbsrx6M=
github.com/nats-io/nkeys v0.0.2/go.mod h1:dab7URMsZm6Z/jp9Z5UGa87Uutgc2mVpXLC4B7TDb/4=
github.com/nats-io/nuid v1.0.0 h1:44QGdhbiANq8ZCbUkdn6W5bqtg+mHuDE4wOUuxxndFs=
github.com/nats-io/nuid v1.0.0/go.mod h1:19wcPz3Ph3q0Jbyiqsd0kePYG7A95tJPxeL+1OSON2c=
github.com/pmezard/go-difflib v1.0.0 h1:4DBwDE0NGyQoBHbLQYPwSUPoCMWR5BEzIk/f1lZbAQM=
github.com/pmezard/go-difflib v1.0.0/go.mod h1:iKH77koFhYxTK1pcRnkKkqfTogsbg7gZNVY4sRDYZ/4=
github.com/stretchr/objx v0.1.1/go.mod h1:HFkY916IF+rwdDfMAkV7OtwuqBVzrE8GR6GFx+wExME=
github.com/stretchr/testify v1.2.2 h1:bSDNvY7ZPG5RlJ8otE/7V6gMiyenm9RtJ7IUVIAoJ1w=
github.com/stretchr/testify v1.2.2/go.mod h1:a8OnRcib4nhh0OaRAV+Yts87kKdq0PP7pXfy6kDkUVs=
github.com/tidwall/pretty v0.0.0-20180105212114-65a9db5fad51 h1:BP2bjP495BBPaBcS5rmqviTfrOkN5rO5ceKAMRZCRFc=
github.com/tidwall/pretty v0.0.0-20180105212114-65a9db5fad51/go.mod h1:XNkn88O1ChpSDQmQeStsy+sBenx6DDtFZJxhVysOjyk=
github.com/xdg/scram v0.0.0-20180814205039-7eeb5667e42c h1:u40Z8hqBAAQyv+vATcGgV0YCnDjqSL7/q/JyPhhJSPk=
github.com/xdg/scram v0.0.0-20180814205039-7eeb5667e42c/go.mod h1:lB8K/P019DLNhemzwFU4jHLhdvlE6uDZjXFejJXr49I=
github.com/xdg/stringprep v1.0.0 h1:d9X0esnoa3dFsV0FG35rAT0RIhYFlPq7MiP+DW89La0=
github.com/xdg/stringprep v1.0.0/go.mod h1:Jhud4/sHMO4oL310DaZAKk9ZaJ08SJfe+sJh0HrGL1Y=
golang.org/x/crypto v0.0.0-20181203042331-505ab145d0a9 h1:mKdxBk7AujPs8kU4m80U72y/zjbZ3UcXC7dClwKbUI0=
golang.org/x/crypto v0.0.0-20181203042331-505ab145d0a9/go.mod h1:6SG95UA2DQfeDnfUPMdvaQW0Q7yPrPDi9nlGo2tz2b4=
golang.org/x/sync v0.0.0-20181108010431-42b317875d0f h1:Bl/8QSvNqXvPGPGXa2z5xUTmV7VDcZyvRZ+QQXkXTZQ=
golang.org/x/sync v0.0.0-20181108010431-42b317875d0f/go.mod h1:RxMgew5VJxzue5/jJTE5uejpjVlOe/izrB70Jof72aM=
golang.org/x/sys v0.0.0-20181128092732-4ed8d59d0b35 h1:YAFjXN64LMvktoUZH9zgY4lGc/msGN7HQfoSuKCgaDU=
golang.org/x/sys v0.0.0-20181128092732-4ed8d59d0b35/go.mod h1:STP8DvDyc/dI5b8T5hshtkjS+E42TnysNCUPdjciGhY=
golang.org/x/sys v0.0.0-20181213200352-4d1cda033e06 h1:0oC8rFnE+74kEmuHZ46F6KHsMr5Gx2gUQPuNz28iQZM=
golang.org/x/sys v0.0.0-20181213200352-4d1cda033e06/go.mod h1:STP8DvDyc/dI5b8T5hshtkjS+E42TnysNCUPdjciGhY=
golang.org/x/text v0.3.0 h1:g61tztE5qeGQ89tm6NTjjM9VPIm088od1l6aSorWRWg=
golang.org/x/text v0.3.0/go.mod h1:NqM8EUOU14njkJ3fqMW+pc6Ldnwhi/IjpwHt7yyuwOQ=
