github.com/dmibod/kanban/tools/log v0.0.0-20181216210404-4257518d01d5 h1:NldZHnJ1YCQkpReJQqQu6v1g4Q7S+syxiIlmaIUQGc8=
github.com/dmibod/kanban/tools/log v0.0.0-20181216210404-4257518d01d5/go.mod h1:SE/vkiuvTmuzHGbG2YKBJCKhYT5LLSxo9UroAg5XZJE=
github.com/dmibod/kanban/tools/log v0.0.0-20181216215823-d70abffb8cc9 h1:LfC7aeMcIAg02UVWMDpXJ+S2elkmxXoXqH5xsIz7HV4=
github.com/dmibod/kanban/tools/log v0.0.0-20181216215823-d70abffb8cc9/go.mod h1:SE/vkiuvTmuzHGbG2YKBJCKhYT5LLSxo9UroAg5XZJE=
github.com/dmibod/kanban/tools/log v0.0.0-20181216231327-3d2000a0571c h1:0Rbbpe6periYIdYWlPVZ2A9C4clKQ1aZD2VKealL1b8=
github.com/dmibod/kanban/tools/log v0.0.0-20181216231327-3d2000a0571c/go.mod h1:SE/vkiuvTmuzHGbG2YKBJCKhYT5LLSxo9UroAg5XZJE=
