github.com/davecgh/go-spew v1.1.1 h1:vj9j/u1bqnvCEfJOwUhtlOARqs3+rkHYY13jYWTU97c=
github.com/davecgh/go-spew v1.1.1/go.mod h1:J7Y8YcW2NihsgmVo/mv3lAwl/skON4iLHjSsI+c5H38=
github.com/dmibod/kanban/command v0.0.0-20181212144452-534a97032a62 h1:/3B4GxAi3cx7WCZEXQKjo9Qa3PMC/s4LAmZTNmGJaUs=
github.com/dmibod/kanban/command v0.0.0-20181212144452-534a97032a62/go.mod h1:49LI32MCHGIgYp0Gs/A1fPjtMPfeLoh3LTs1vAnhcco=
github.com/dmibod/kanban/kernel v0.0.0-20181208131815-a50488c483be h1:u4K7LuH8hemErNL7eaJgYH5QKnTMRbCxpEntlYMzFYU=
github.com/dmibod/kanban/kernel v0.0.0-20181208131815-a50488c483be/go.mod h1:Mmd5dLmtpkJAaJsH8qiSxVF1CfqaM72iiQiJ+Uy9q4A=
github.com/dmibod/kanban/kernel v0.0.0-20181208150914-75c5911398c4/go.mod h1:Mmd5dLmtpkJAaJsH8qiSxVF1CfqaM72iiQiJ+Uy9q4A=
github.com/dmibod/kanban/kernel v0.0.0-20181208160737-2e4addd60f10 h1:giO7hZ12taYSkA5USkMRbw5h7YXv483VRbDLaPHi430=
github.com/dmibod/kanban/kernel v0.0.0-20181208160737-2e4addd60f10/go.mod h1:Mmd5dLmtpkJAaJsH8qiSxVF1CfqaM72iiQiJ+Uy9q4A=
github.com/dmibod/kanban/kernel v0.0.0-20181208162645-cf1ab3deaf5c h1:PJO9U0+Std2sMBcOQc+VmmiZwlGy280IXYQOjC803bc=
github.com/dmibod/kanban/kernel v0.0.0-20181208162645-cf1ab3deaf5c/go.mod h1:Mmd5dLmtpkJAaJsH8qiSxVF1CfqaM72iiQiJ+Uy9q4A=
github.com/dmibod/kanban/notify v0.0.0-20181212161853-d6640d0f392d h1:4Rb0r60glW5nIUtDdRUeXdkxkPTqHHAOk/hOSHaHHI8=
github.com/dmibod/kanban/notify v0.0.0-20181212161853-d6640d0f392d/go.mod h1:JDKrW1AP/cd85QYFYus0HjAgevD/6cbM6VN+jVYCTic=
github.com/dmibod/kanban/query v0.0.0-20181212155436-3341f4a0f51e h1:HSrJ18UF4nz1EWqr4VPRxl6N0i8LMFET6Dk3I7mQG/s=
github.com/dmibod/kanban/query v0.0.0-20181212155436-3341f4a0f51e/go.mod h1:toiy8bhUyRTuG27wFunW7s9Ehm06LIPmWBe4VCgpWz0=
github.com/dmibod/kanban/tools/db v0.0.0-20181208170009-f38f312b8092/go.mod h1:w714dxy5/8M2M/lTFwnvuZRYWLNmPPPJVmALyenzeaY=
github.com/dmibod/kanban/tools/db v0.0.0-20181208174859-a5ee5e981eeb h1:atFnCv7eGGzrqejlT8ZE4t9RBuw8on9o/n0ct5zAgIc=
github.com/dmibod/kanban/tools/db v0.0.0-20181208174859-a5ee5e981eeb/go.mod h1:w714dxy5/8M2M/lTFwnvuZRYWLNmPPPJVmALyenzeaY=
github.com/dmibod/kanban/tools/db/mongo v0.0.0-20181208174859-a5ee5e981eeb h1:vfQhaU+bFNzguXwXBUJNrRaq419b/Ael6R+iSezRcXo=
github.com/dmibod/kanban/tools/db/mongo v0.0.0-20181208174859-a5ee5e981eeb/go.mod h1:DrXTBNe6xL/4n1iHFM1TPlSG0Cy9LffsMkxWANnYQtI=
github.com/dmibod/kanban/tools/db/mongo v0.0.0-20181212160820-08bbdf9a1c85 h1:wesLf1V/vS+qyoay0YhQMh2bAQjyDz5nY1NRppsqhJM=
github.com/dmibod/kanban/tools/db/mongo v0.0.0-20181212160820-08bbdf9a1c85/go.mod h1:DrXTBNe6xL/4n1iHFM1TPlSG0Cy9LffsMkxWANnYQtI=
github.com/dmibod/kanban/tools/msg v0.0.0-20181208125028-a02f20cbee03 h1:2Ax524S1YhTFQUjNJebo4qorx+lTeNV8wR/jVVH4ex0=
github.com/dmibod/kanban/tools/msg v0.0.0-20181208125028-a02f20cbee03/go.mod h1:Aa9Ck9xND6QKwxOqXK3ViiOKrpsIKuCnuJnz/6MMgtg=
github.com/dmibod/kanban/tools/msg v0.0.0-20181208131815-a50488c483be h1:m9YoeEI9fxzgzjr++/skQCPvCBsxuNfv2Oxzg4+syq0=
github.com/dmibod/kanban/tools/msg v0.0.0-20181208131815-a50488c483be/go.mod h1:Aa9Ck9xND6QKwxOqXK3ViiOKrpsIKuCnuJnz/6MMgtg=
github.com/dmibod/kanban/tools/msg v0.0.0-20181208150914-75c5911398c4 h1:5l5PIJ1AHX1P168yUec8o5vnKKTGyxq5nJnSbzh2QIE=
github.com/dmibod/kanban/tools/msg v0.0.0-20181208150914-75c5911398c4/go.mod h1:Aa9Ck9xND6QKwxOqXK3ViiOKrpsIKuCnuJnz/6MMgtg=
github.com/dmibod/kanban/tools/msg/nats v0.0.0-20181208133343-a504b605fc42 h1:PiedexSYIgjlpblDpBJYqvFnH4XwyMh2yzzo8KaS1gU=
github.com/dmibod/kanban/tools/msg/nats v0.0.0-20181208133343-a504b605fc42/go.mod h1:q+7hWghTW2Q/w4jfVp3tEFgrFrPY6nnANbuBggqkM+c=
github.com/dmibod/kanban/tools/msg/nats v0.0.0-20181208150914-75c5911398c4 h1:fqoKGeHgYwbkJUuXu8nhtzOx7087Vi0n8Eelh3UX4Xk=
github.com/dmibod/kanban/tools/msg/nats v0.0.0-20181208150914-75c5911398c4/go.mod h1:q+7hWghTW2Q/w4jfVp3tEFgrFrPY6nnANbuBggqkM+c=
github.com/dmibod/kanban/tools/mux v0.0.0-20181212142123-527bfdb9bd45 h1:lb+nyyd2xOWeFr+OsfBRllDkRm/KmxmZaF6U2co1JRY=
github.com/dmibod/kanban/tools/mux v0.0.0-20181212142123-527bfdb9bd45/go.mod h1:hZmwnELCBBo+aOxkQVTm/l/MjaPIN7Y0HuH7up1Vl7k=
github.com/dmibod/kanban/tools/mux v0.0.0-20181212155436-3341f4a0f51e h1:FhQKhcL9ghhgy2qwcNhsvBd/X7W2AMLveVMQzzrzbpo=
github.com/dmibod/kanban/tools/mux v0.0.0-20181212155436-3341f4a0f51e/go.mod h1:hZmwnELCBBo+aOxkQVTm/l/MjaPIN7Y0HuH7up1Vl7k=
github.com/dmibod/kanban/tools/mux v0.0.0-20181212160820-08bbdf9a1c85 h1:qFxOboQXs1VsQMdS+2QBpcWhqQdNxMNdHsB0ylWyCU4=
github.com/dmibod/kanban/tools/mux v0.0.0-20181212160820-08bbdf9a1c85/go.mod h1:hZmwnELCBBo+aOxkQVTm/l/MjaPIN7Y0HuH7up1Vl7k=
github.com/dmibod/kanban/tools/mux/http v0.0.0-20181212143241-58afcdf8ffa5 h1:pBXw24FuCt/qU5EjNzZSOFFSMOuDonGTHe+oztRv9xw=
github.com/dmibod/kanban/tools/mux/http v0.0.0-20181212143241-58afcdf8ffa5/go.mod h1:Z8ShoUbJZIaB5w1kiLz9S0V6AegsHJad2zE1mjmFMBs=
github.com/dmibod/kanban/tools/mux/http v0.0.0-20181212144452-534a97032a62 h1:ifFy60zk+PcmaPxsX5dGr/ffj5tT+EGDixyDZ2XIJkY=
github.com/dmibod/kanban/tools/mux/http v0.0.0-20181212144452-534a97032a62/go.mod h1:Z8ShoUbJZIaB5w1kiLz9S0V6AegsHJad2zE1mjmFMBs=
github.com/dmibod/kanban/tools/mux/http v0.0.0-20181212155436-3341f4a0f51e h1:3I4w98VlGoPwf3VIRFe+ovoVzmMLX4Al3pW0it3cLVE=
github.com/dmibod/kanban/tools/mux/http v0.0.0-20181212155436-3341f4a0f51e/go.mod h1:Z8ShoUbJZIaB5w1kiLz9S0V6AegsHJad2zE1mjmFMBs=
github.com/dmibod/kanban/tools/mux/http v0.0.0-20181212160820-08bbdf9a1c85 h1:vs8hSn50IplLsLdzY++Wi2paUuCzNBVR9gMLkps1XWc=
github.com/dmibod/kanban/tools/mux/http v0.0.0-20181212160820-08bbdf9a1c85/go.mod h1:Z8ShoUbJZIaB5w1kiLz9S0V6AegsHJad2zE1mjmFMBs=
github.com/dmibod/kanban/update v0.0.0-20181212160820-08bbdf9a1c85 h1:KgNZlCuZKecM/4T33JaKoUchjYZYqzuCUQ2g2xtqIRI=
github.com/dmibod/kanban/update v0.0.0-20181212160820-08bbdf9a1c85/go.mod h1:Nhcc0j43c86V49OV3B9UVJnkgqOdRKj3+pRF6XGPD/Y=
github.com/go-stack/stack v1.8.0 h1:5SgMzNM5HxrEjV0ww2lTmX6E2Izsfxas4+YHWRs3Lsk=
github.com/go-stack/stack v1.8.0/go.mod h1:v0f6uXyyMGvRgIKkXu+yp6POWl0qKG85gN/melR3HDY=
github.com/golang/protobuf v1.2.0 h1:P3YflyNX/ehuJFLhxviNdFxQPkGK5cDcApsge1SqnvM=
github.com/golang/protobuf v1.2.0/go.mod h1:6lQm79b+lXiMfvg/cZm0SGofjICqVBUtrP5yJMmIC1U=
github.com/golang/snappy v0.0.0-20180518054509-2e65f85255db h1:woRePGFeVFfLKN/pOkfl+p/TAqKOfFu+7KPlMVpok/w=
github.com/golang/snappy v0.0.0-20180518054509-2e65f85255db/go.mod h1:/XxbfmMg8lxefKM7IXC3fBNl/7bRcc72aCRzEWrmP2Q=
github.com/google/go-cmp v0.2.0 h1:+dTQ8DZQJz0Mb/HjFlkptS1FeQ4cWSnN941F8aEG4SQ=
github.com/google/go-cmp v0.2.0/go.mod h1:oXzfMopK8JAjlY9xF4vHSVASa0yLyX7SntLO5aqRK0M=
github.com/gorilla/websocket v1.4.0 h1:WDFjx/TMzVgy9VdMMQi2K2Emtwi2QcUQsztZ/zLaH/Q=
github.com/gorilla/websocket v1.4.0/go.mod h1:E7qHFY5m1UJ88s3WnNqhKjPHQ0heANvMoAMk2YaljkQ=
github.com/mongodb/mongo-go-driver v0.1.0 h1:LcpPFw0tNumIAakvNrkI9S9wdX0iOxvMLw/+hcAdHaU=
github.com/mongodb/mongo-go-driver v0.1.0/go.mod h1:NK/HWDIIZkaYsnYa0hmtP443T5ELr0KDecmIioVuuyU=
github.com/nats-io/gnatsd v1.3.0 h1:+5d80klu3QaJgNbdavVBjWJP7cHd11U2CLnRTFM9ICI=
github.com/nats-io/gnatsd v1.3.0/go.mod h1:nqco77VO78hLCJpIcVfygDP2rPGfsEHkGTUk94uh5DQ=
github.com/nats-io/go-nats v1.6.0 h1:FznPwMfrVwGnSCh7JTXyJDRW0TIkD4Tr+M1LPJt9T70=
github.com/nats-io/go-nats v1.6.0/go.mod h1:+t7RHT5ApZebkrQdnn6AhQJmhJJiKAvJUio1PiiCtj0=
github.com/nats-io/nuid v1.0.0 h1:44QGdhbiANq8ZCbUkdn6W5bqtg+mHuDE4wOUuxxndFs=
github.com/nats-io/nuid v1.0.0/go.mod h1:19wcPz3Ph3q0Jbyiqsd0kePYG7A95tJPxeL+1OSON2c=
github.com/pmezard/go-difflib v1.0.0 h1:4DBwDE0NGyQoBHbLQYPwSUPoCMWR5BEzIk/f1lZbAQM=
github.com/pmezard/go-difflib v1.0.0/go.mod h1:iKH77koFhYxTK1pcRnkKkqfTogsbg7gZNVY4sRDYZ/4=
github.com/stretchr/testify v1.2.2 h1:bSDNvY7ZPG5RlJ8otE/7V6gMiyenm9RtJ7IUVIAoJ1w=
github.com/stretchr/testify v1.2.2/go.mod h1:a8OnRcib4nhh0OaRAV+Yts87kKdq0PP7pXfy6kDkUVs=
github.com/tidwall/pretty v0.0.0-20180105212114-65a9db5fad51 h1:BP2bjP495BBPaBcS5rmqviTfrOkN5rO5ceKAMRZCRFc=
github.com/tidwall/pretty v0.0.0-20180105212114-65a9db5fad51/go.mod h1:XNkn88O1ChpSDQmQeStsy+sBenx6DDtFZJxhVysOjyk=
github.com/xdg/scram v0.0.0-20180814205039-7eeb5667e42c h1:u40Z8hqBAAQyv+vATcGgV0YCnDjqSL7/q/JyPhhJSPk=
github.com/xdg/scram v0.0.0-20180814205039-7eeb5667e42c/go.mod h1:lB8K/P019DLNhemzwFU4jHLhdvlE6uDZjXFejJXr49I=
github.com/xdg/stringprep v1.0.0 h1:d9X0esnoa3dFsV0FG35rAT0RIhYFlPq7MiP+DW89La0=
github.com/xdg/stringprep v1.0.0/go.mod h1:Jhud4/sHMO4oL310DaZAKk9ZaJ08SJfe+sJh0HrGL1Y=
golang.org/x/crypto v0.0.0-20181203042331-505ab145d0a9 h1:mKdxBk7AujPs8kU4m80U72y/zjbZ3UcXC7dClwKbUI0=
golang.org/x/crypto v0.0.0-20181203042331-505ab145d0a9/go.mod h1:6SG95UA2DQfeDnfUPMdvaQW0Q7yPrPDi9nlGo2tz2b4=
golang.org/x/sync v0.0.0-20181108010431-42b317875d0f h1:Bl/8QSvNqXvPGPGXa2z5xUTmV7VDcZyvRZ+QQXkXTZQ=
golang.org/x/sync v0.0.0-20181108010431-42b317875d0f/go.mod h1:RxMgew5VJxzue5/jJTE5uejpjVlOe/izrB70Jof72aM=
golang.org/x/sys v0.0.0-20181128092732-4ed8d59d0b35 h1:YAFjXN64LMvktoUZH9zgY4lGc/msGN7HQfoSuKCgaDU=
golang.org/x/sys v0.0.0-20181128092732-4ed8d59d0b35/go.mod h1:STP8DvDyc/dI5b8T5hshtkjS+E42TnysNCUPdjciGhY=
golang.org/x/text v0.3.0 h1:g61tztE5qeGQ89tm6NTjjM9VPIm088od1l6aSorWRWg=
golang.org/x/text v0.3.0/go.mod h1:NqM8EUOU14njkJ3fqMW+pc6Ldnwhi/IjpwHt7yyuwOQ=
