github.com/davecgh/go-spew v1.1.1 h1:vj9j/u1bqnvCEfJOwUhtlOARqs3+rkHYY13jYWTU97c=
github.com/davecgh/go-spew v1.1.1/go.mod h1:J7Y8YcW2NihsgmVo/mv3lAwl/skON4iLHjSsI+c5H38=
github.com/dmibod/kanban/command v0.0.0-20181214120450-ac428a580913 h1:OVXx9ydb7WBv1fH4dckN44BS2SD4YzCsKcP0jtAGttk=
github.com/dmibod/kanban/command v0.0.0-20181214120450-ac428a580913/go.mod h1:8DB00HEdJS1aL0hu3PBzzhWQzdJn4//CZf3zBgAhbmI=
github.com/dmibod/kanban/kernel v0.0.0-20181208131815-a50488c483be/go.mod h1:Mmd5dLmtpkJAaJsH8qiSxVF1CfqaM72iiQiJ+Uy9q4A=
github.com/dmibod/kanban/kernel v0.0.0-20181208141136-ac7707e63be2/go.mod h1:Mmd5dLmtpkJAaJsH8qiSxVF1CfqaM72iiQiJ+Uy9q4A=
github.com/dmibod/kanban/kernel v0.0.0-20181208150914-75c5911398c4/go.mod h1:Mmd5dLmtpkJAaJsH8qiSxVF1CfqaM72iiQiJ+Uy9q4A=
github.com/dmibod/kanban/kernel v0.0.0-20181208160737-2e4addd60f10/go.mod h1:Mmd5dLmtpkJAaJsH8qiSxVF1CfqaM72iiQiJ+Uy9q4A=
github.com/dmibod/kanban/kernel v0.0.0-20181208162645-cf1ab3deaf5c h1:PJO9U0+Std2sMBcOQc+VmmiZwlGy280IXYQOjC803bc=
github.com/dmibod/kanban/kernel v0.0.0-20181208162645-cf1ab3deaf5c/go.mod h1:Mmd5dLmtpkJAaJsH8qiSxVF1CfqaM72iiQiJ+Uy9q4A=
github.com/dmibod/kanban/notify v0.0.0-20181214120450-ac428a580913 h1:GaObHwEMgKPMaWVN/MIAo1hloPZndk/3rugsJVgtpSQ=
github.com/dmibod/kanban/notify v0.0.0-20181214120450-ac428a580913/go.mod h1:VFaYsOtKZIwkyPDXBb8pqZp5i7YWB9hk3WR0+hR8VVk=
github.com/dmibod/kanban/process v0.0.0-20181214120450-ac428a580913 h1:BJ1uDQCqWRpXGxTU7wq5cL44B6FoL77fGSJ2NbS205o=
github.com/dmibod/kanban/process v0.0.0-20181214120450-ac428a580913/go.mod h1:Gk3U2+yIa+/1MdAQ0ezQi+Z1YkhLwD3C3GVP4i9WryI=
github.com/dmibod/kanban/query v0.0.0-20181214120450-ac428a580913 h1:0+mVU1q/3eyRQMDYWS0Sg3QzHU4hr2PRcx4dXI1ZamI=
github.com/dmibod/kanban/query v0.0.0-20181214120450-ac428a580913/go.mod h1:AyrW36cDKrRhQcoCT4/fGzgzLBaoENj61vWRgy08LR8=
github.com/dmibod/kanban/tools/db v0.0.0-20181208170009-f38f312b8092/go.mod h1:w714dxy5/8M2M/lTFwnvuZRYWLNmPPPJVmALyenzeaY=
github.com/dmibod/kanban/tools/db v0.0.0-20181212190758-e3211df24060/go.mod h1:w714dxy5/8M2M/lTFwnvuZRYWLNmPPPJVmALyenzeaY=
github.com/dmibod/kanban/tools/db v0.0.0-20181212191045-586572261fa2 h1:plkYk/9Rdh53l0/+i2TFkNPtPKflMEap+0lst64jKlI=
github.com/dmibod/kanban/tools/db v0.0.0-20181212191045-586572261fa2/go.mod h1:w714dxy5/8M2M/lTFwnvuZRYWLNmPPPJVmALyenzeaY=
github.com/dmibod/kanban/tools/db/mongo v0.0.0-20181212160820-08bbdf9a1c85/go.mod h1:DrXTBNe6xL/4n1iHFM1TPlSG0Cy9LffsMkxWANnYQtI=
github.com/dmibod/kanban/tools/db/mongo v0.0.0-20181212191045-586572261fa2 h1:9m8dSmPbtW5ql3c2I/ilD10AE27XBYWd/N8iQA5FhxM=
github.com/dmibod/kanban/tools/db/mongo v0.0.0-20181212191045-586572261fa2/go.mod h1:uk2evVTLvDlxDD1Yk8XMSjhwJenoo4bNtsxKLUO+pD0=
github.com/dmibod/kanban/tools/msg v0.0.0-20181208125028-a02f20cbee03/go.mod h1:Aa9Ck9xND6QKwxOqXK3ViiOKrpsIKuCnuJnz/6MMgtg=
github.com/dmibod/kanban/tools/msg v0.0.0-20181208131815-a50488c483be/go.mod h1:Aa9Ck9xND6QKwxOqXK3ViiOKrpsIKuCnuJnz/6MMgtg=
github.com/dmibod/kanban/tools/msg v0.0.0-20181208141136-ac7707e63be2/go.mod h1:Aa9Ck9xND6QKwxOqXK3ViiOKrpsIKuCnuJnz/6MMgtg=
github.com/dmibod/kanban/tools/msg v0.0.0-20181208150914-75c5911398c4 h1:5l5PIJ1AHX1P168yUec8o5vnKKTGyxq5nJnSbzh2QIE=
github.com/dmibod/kanban/tools/msg v0.0.0-20181208150914-75c5911398c4/go.mod h1:Aa9Ck9xND6QKwxOqXK3ViiOKrpsIKuCnuJnz/6MMgtg=
github.com/dmibod/kanban/tools/msg/nats v0.0.0-20181208133343-a504b605fc42/go.mod h1:q+7hWghTW2Q/w4jfVp3tEFgrFrPY6nnANbuBggqkM+c=
github.com/dmibod/kanban/tools/msg/nats v0.0.0-20181208141136-ac7707e63be2/go.mod h1:q+7hWghTW2Q/w4jfVp3tEFgrFrPY6nnANbuBggqkM+c=
github.com/dmibod/kanban/tools/msg/nats v0.0.0-20181208150914-75c5911398c4 h1:fqoKGeHgYwbkJUuXu8nhtzOx7087Vi0n8Eelh3UX4Xk=
github.com/dmibod/kanban/tools/msg/nats v0.0.0-20181208150914-75c5911398c4/go.mod h1:q+7hWghTW2Q/w4jfVp3tEFgrFrPY6nnANbuBggqkM+c=
github.com/dmibod/kanban/tools/mux v0.0.0-20181212142123-527bfdb9bd45/go.mod h1:hZmwnELCBBo+aOxkQVTm/l/MjaPIN7Y0HuH7up1Vl7k=
github.com/dmibod/kanban/tools/mux v0.0.0-20181212155436-3341f4a0f51e/go.mod h1:hZmwnELCBBo+aOxkQVTm/l/MjaPIN7Y0HuH7up1Vl7k=
github.com/dmibod/kanban/tools/mux v0.0.0-20181212160820-08bbdf9a1c85 h1:qFxOboQXs1VsQMdS+2QBpcWhqQdNxMNdHsB0ylWyCU4=
github.com/dmibod/kanban/tools/mux v0.0.0-20181212160820-08bbdf9a1c85/go.mod h1:hZmwnELCBBo+aOxkQVTm/l/MjaPIN7Y0HuH7up1Vl7k=
github.com/dmibod/kanban/tools/mux/http v0.0.0-20181212144452-534a97032a62/go.mod h1:Z8ShoUbJZIaB5w1kiLz9S0V6AegsHJad2zE1mjmFMBs=
github.com/dmibod/kanban/tools/mux/http v0.0.0-20181212155436-3341f4a0f51e/go.mod h1:Z8ShoUbJZIaB5w1kiLz9S0V6AegsHJad2zE1mjmFMBs=
github.com/dmibod/kanban/tools/mux/http v0.0.0-20181212160820-08bbdf9a1c85/go.mod h1:Z8ShoUbJZIaB5w1kiLz9S0V6AegsHJad2zE1mjmFMBs=
github.com/dmibod/kanban/tools/mux/http v0.0.0-20181213145743-1bbf4f1d2a12/go.mod h1:Z8ShoUbJZIaB5w1kiLz9S0V6AegsHJad2zE1mjmFMBs=
github.com/dmibod/kanban/tools/mux/http v0.0.0-20181214120450-ac428a580913 h1:nnhp9dYnS3vpRI+qBQcNLSwh/zWxEX7s0oGmY7HcCGM=
github.com/dmibod/kanban/tools/mux/http v0.0.0-20181214120450-ac428a580913/go.mod h1:Z8ShoUbJZIaB5w1kiLz9S0V6AegsHJad2zE1mjmFMBs=
github.com/dmibod/kanban/update v0.0.0-20181214120450-ac428a580913 h1:KFqFfsaz5rbkeHtO90EDLA0LqodmORxlKgoH3nzfbzw=
github.com/dmibod/kanban/update v0.0.0-20181214120450-ac428a580913/go.mod h1:lLkLIomhmJZwTStcpWZCFaJBYDimSSY6WNTuV+EJ8ks=
github.com/go-stack/stack v1.8.0 h1:5SgMzNM5HxrEjV0ww2lTmX6E2Izsfxas4+YHWRs3Lsk=
github.com/go-stack/stack v1.8.0/go.mod h1:v0f6uXyyMGvRgIKkXu+yp6POWl0qKG85gN/melR3HDY=
github.com/golang/protobuf v1.2.0 h1:P3YflyNX/ehuJFLhxviNdFxQPkGK5cDcApsge1SqnvM=
github.com/golang/protobuf v1.2.0/go.mod h1:6lQm79b+lXiMfvg/cZm0SGofjICqVBUtrP5yJMmIC1U=
github.com/golang/snappy v0.0.0-20180518054509-2e65f85255db h1:woRePGFeVFfLKN/pOkfl+p/TAqKOfFu+7KPlMVpok/w=
github.com/golang/snappy v0.0.0-20180518054509-2e65f85255db/go.mod h1:/XxbfmMg8lxefKM7IXC3fBNl/7bRcc72aCRzEWrmP2Q=
github.com/google/go-cmp v0.2.0 h1:+dTQ8DZQJz0Mb/HjFlkptS1FeQ4cWSnN941F8aEG4SQ=
github.com/google/go-cmp v0.2.0/go.mod h1:oXzfMopK8JAjlY9xF4vHSVASa0yLyX7SntLO5aqRK0M=
github.com/gorilla/websocket v1.4.0 h1:WDFjx/TMzVgy9VdMMQi2K2Emtwi2QcUQsztZ/zLaH/Q=
github.com/gorilla/websocket v1.4.0/go.mod h1:E7qHFY5m1UJ88s3WnNqhKjPHQ0heANvMoAMk2YaljkQ=
github.com/mongodb/mongo-go-driver v0.1.0 h1:LcpPFw0tNumIAakvNrkI9S9wdX0iOxvMLw/+hcAdHaU=
github.com/mongodb/mongo-go-driver v0.1.0/go.mod h1:NK/HWDIIZkaYsnYa0hmtP443T5ELr0KDecmIioVuuyU=
github.com/nats-io/gnatsd v1.3.0 h1:+5d80klu3QaJgNbdavVBjWJP7cHd11U2CLnRTFM9ICI=
github.com/nats-io/gnatsd v1.3.0/go.mod h1:nqco77VO78hLCJpIcVfygDP2rPGfsEHkGTUk94uh5DQ=
github.com/nats-io/go-nats v1.6.0 h1:FznPwMfrVwGnSCh7JTXyJDRW0TIkD4Tr+M1LPJt9T70=
github.com/nats-io/go-nats v1.6.0/go.mod h1:+t7RHT5ApZebkrQdnn6AhQJmhJJiKAvJUio1PiiCtj0=
github.com/nats-io/nuid v1.0.0 h1:44QGdhbiANq8ZCbUkdn6W5bqtg+mHuDE4wOUuxxndFs=
github.com/nats-io/nuid v1.0.0/go.mod h1:19wcPz3Ph3q0Jbyiqsd0kePYG7A95tJPxeL+1OSON2c=
github.com/pmezard/go-difflib v1.0.0 h1:4DBwDE0NGyQoBHbLQYPwSUPoCMWR5BEzIk/f1lZbAQM=
github.com/pmezard/go-difflib v1.0.0/go.mod h1:iKH77koFhYxTK1pcRnkKkqfTogsbg7gZNVY4sRDYZ/4=
github.com/stretchr/testify v1.2.2 h1:bSDNvY7ZPG5RlJ8otE/7V6gMiyenm9RtJ7IUVIAoJ1w=
github.com/stretchr/testify v1.2.2/go.mod h1:a8OnRcib4nhh0OaRAV+Yts87kKdq0PP7pXfy6kDkUVs=
github.com/tidwall/pretty v0.0.0-20180105212114-65a9db5fad51 h1:BP2bjP495BBPaBcS5rmqviTfrOkN5rO5ceKAMRZCRFc=
github.com/tidwall/pretty v0.0.0-20180105212114-65a9db5fad51/go.mod h1:XNkn88O1ChpSDQmQeStsy+sBenx6DDtFZJxhVysOjyk=
github.com/xdg/scram v0.0.0-20180814205039-7eeb5667e42c h1:u40Z8hqBAAQyv+vATcGgV0YCnDjqSL7/q/JyPhhJSPk=
github.com/xdg/scram v0.0.0-20180814205039-7eeb5667e42c/go.mod h1:lB8K/P019DLNhemzwFU4jHLhdvlE6uDZjXFejJXr49I=
github.com/xdg/stringprep v1.0.0 h1:d9X0esnoa3dFsV0FG35rAT0RIhYFlPq7MiP+DW89La0=
github.com/xdg/stringprep v1.0.0/go.mod h1:Jhud4/sHMO4oL310DaZAKk9ZaJ08SJfe+sJh0HrGL1Y=
golang.org/x/crypto v0.0.0-20181203042331-505ab145d0a9 h1:mKdxBk7AujPs8kU4m80U72y/zjbZ3UcXC7dClwKbUI0=
golang.org/x/crypto v0.0.0-20181203042331-505ab145d0a9/go.mod h1:6SG95UA2DQfeDnfUPMdvaQW0Q7yPrPDi9nlGo2tz2b4=
golang.org/x/sync v0.0.0-20181108010431-42b317875d0f h1:Bl/8QSvNqXvPGPGXa2z5xUTmV7VDcZyvRZ+QQXkXTZQ=
golang.org/x/sync v0.0.0-20181108010431-42b317875d0f/go.mod h1:RxMgew5VJxzue5/jJTE5uejpjVlOe/izrB70Jof72aM=
golang.org/x/sys v0.0.0-20181128092732-4ed8d59d0b35 h1:YAFjXN64LMvktoUZH9zgY4lGc/msGN7HQfoSuKCgaDU=
golang.org/x/sys v0.0.0-20181128092732-4ed8d59d0b35/go.mod h1:STP8DvDyc/dI5b8T5hshtkjS+E42TnysNCUPdjciGhY=
golang.org/x/text v0.3.0 h1:g61tztE5qeGQ89tm6NTjjM9VPIm088od1l6aSorWRWg=
golang.org/x/text v0.3.0/go.mod h1:NqM8EUOU14njkJ3fqMW+pc6Ldnwhi/IjpwHt7yyuwOQ=
