github.com/davecgh/go-spew v1.1.1 h1:vj9j/u1bqnvCEfJOwUhtlOARqs3+rkHYY13jYWTU97c=
github.com/davecgh/go-spew v1.1.1/go.mod h1:J7Y8YcW2NihsgmVo/mv3lAwl/skON4iLHjSsI+c5H38=
github.com/dmibod/kanban/kernel v0.0.0-20181208160737-2e4addd60f10 h1:giO7hZ12taYSkA5USkMRbw5h7YXv483VRbDLaPHi430=
github.com/dmibod/kanban/kernel v0.0.0-20181208160737-2e4addd60f10/go.mod h1:Mmd5dLmtpkJAaJsH8qiSxVF1CfqaM72iiQiJ+Uy9q4A=
github.com/dmibod/kanban/kernel v0.0.0-20181216131007-ce19ff816ada h1:4Hg8vCmFd141f9hx7drb/0cjBS+efuYjtIjE5Gno5yU=
github.com/dmibod/kanban/kernel v0.0.0-20181216131007-ce19ff816ada/go.mod h1:Mmd5dLmtpkJAaJsH8qiSxVF1CfqaM72iiQiJ+Uy9q4A=
github.com/dmibod/kanban/kernel v0.0.0-20181216132108-c9b485b1917f h1:S3TCqyV2K3oaKTiAvV0CbPRF6d7GFo43WoecKTn6j9w=
github.com/dmibod/kanban/kernel v0.0.0-20181216132108-c9b485b1917f/go.mod h1:Mmd5dLmtpkJAaJsH8qiSxVF1CfqaM72iiQiJ+Uy9q4A=
github.com/dmibod/kanban/kernel v0.0.0-20181216163648-8372a83d93cc h1:DSGArtGPVkdBMxcjtJwTwwhJThSfbg/Jq/JSyeuv0rM=
github.com/dmibod/kanban/kernel v0.0.0-20181216163648-8372a83d93cc/go.mod h1:Mmd5dLmtpkJAaJsH8qiSxVF1CfqaM72iiQiJ+Uy9q4A=
github.com/dmibod/kanban/kernel v0.0.0-20181216170223-02ecf560778a h1:rzN57IgM3H1U9ysU8GA+eLcsScBbiihU5f+UUlUbq8k=
github.com/dmibod/kanban/kernel v0.0.0-20181216170223-02ecf560778a/go.mod h1:Mmd5dLmtpkJAaJsH8qiSxVF1CfqaM72iiQiJ+Uy9q4A=
github.com/dmibod/kanban/kernel v0.0.0-20181216171729-2f2413adaf79 h1:OJ/uoqWJ+IfSln0kL2DaKC2CB+R1XUnKStR5c6/OvQk=
github.com/dmibod/kanban/kernel v0.0.0-20181216171729-2f2413adaf79/go.mod h1:Mmd5dLmtpkJAaJsH8qiSxVF1CfqaM72iiQiJ+Uy9q4A=
github.com/dmibod/kanban/kernel v0.0.0-20181216192645-020e4acfe9ee h1:0nzWALtrc79W9+gL1fbNVmzXsVWgsZv/o7aU6JPxWQY=
github.com/dmibod/kanban/kernel v0.0.0-20181216192645-020e4acfe9ee/go.mod h1:Mmd5dLmtpkJAaJsH8qiSxVF1CfqaM72iiQiJ+Uy9q4A=
github.com/dmibod/kanban/kernel v0.0.0-20181216193048-ae73c7fd1a73 h1:CG2ZsU7gYC+SzttuU6yrDYiCnToi4S77XNQU3Wfk/qc=
github.com/dmibod/kanban/kernel v0.0.0-20181216193048-ae73c7fd1a73/go.mod h1:Mmd5dLmtpkJAaJsH8qiSxVF1CfqaM72iiQiJ+Uy9q4A=
github.com/dmibod/kanban/kernel v0.0.0-20181216193441-024ec9eee366 h1:qy9Ds+bszfy006nUDUf5QN53PkrmLDVp6N6zBnkIDXk=
github.com/dmibod/kanban/kernel v0.0.0-20181216193441-024ec9eee366/go.mod h1:Mmd5dLmtpkJAaJsH8qiSxVF1CfqaM72iiQiJ+Uy9q4A=
github.com/dmibod/kanban/kernel v0.0.0-20181216200455-a95baceed129 h1:+W539crjvpgeAR+xn4iXcPVDy79d6YvACp6G3ufOpl0=
github.com/dmibod/kanban/kernel v0.0.0-20181216200455-a95baceed129/go.mod h1:Mmd5dLmtpkJAaJsH8qiSxVF1CfqaM72iiQiJ+Uy9q4A=
github.com/dmibod/kanban/kernel v0.0.0-20181216201158-8bb45c5325be h1:IiHHtVCCpwdh4OS699lf3Kxlm2PfpfpPLM+ot/G5taw=
github.com/dmibod/kanban/kernel v0.0.0-20181216201158-8bb45c5325be/go.mod h1:Mmd5dLmtpkJAaJsH8qiSxVF1CfqaM72iiQiJ+Uy9q4A=
github.com/dmibod/kanban/kernel v0.0.0-20181216201452-f70717d4a6a1 h1:obKJRm1gsGWrt6vJ3dnaIaJmNSxLdRC+YyBSCTFYi/k=
github.com/dmibod/kanban/kernel v0.0.0-20181216201452-f70717d4a6a1/go.mod h1:Mmd5dLmtpkJAaJsH8qiSxVF1CfqaM72iiQiJ+Uy9q4A=
github.com/dmibod/kanban/kernel v0.0.0-20181216211111-17e9456d1669 h1:uhj+83fPmcGgMFtFLqDRemCM59tAODmIlktNsWmoON0=
github.com/dmibod/kanban/kernel v0.0.0-20181216211111-17e9456d1669/go.mod h1:Mmd5dLmtpkJAaJsH8qiSxVF1CfqaM72iiQiJ+Uy9q4A=
github.com/dmibod/kanban/kernel v0.0.0-20181216215932-4e52b1a98e86 h1:qaLWyUdaLoI212UgibSA5Rqw27h8coanx8bJkq5fG+8=
github.com/dmibod/kanban/kernel v0.0.0-20181216215932-4e52b1a98e86/go.mod h1:Mmd5dLmtpkJAaJsH8qiSxVF1CfqaM72iiQiJ+Uy9q4A=
github.com/dmibod/kanban/kernel v0.0.0-20181216222616-c30921c77046 h1:P8NqjlYEtsJK98+W0qtA5hT4Oyu4LDLQIencL7CHb1Y=
github.com/dmibod/kanban/kernel v0.0.0-20181216222616-c30921c77046/go.mod h1:Mmd5dLmtpkJAaJsH8qiSxVF1CfqaM72iiQiJ+Uy9q4A=
github.com/dmibod/kanban/kernel v0.0.0-20181216225635-a30d7aaff8a7 h1:MvARdG8zVLMYIEAeTQ1+QmAw7KxyLn54QXxIAfIif30=
github.com/dmibod/kanban/kernel v0.0.0-20181216225635-a30d7aaff8a7/go.mod h1:Mmd5dLmtpkJAaJsH8qiSxVF1CfqaM72iiQiJ+Uy9q4A=
github.com/dmibod/kanban/kernel v0.0.0-20181216231327-3d2000a0571c h1:OZWalK/ci46Jks1JQJSpjXAdjiBctP8eYkCvC5t/m5E=
github.com/dmibod/kanban/kernel v0.0.0-20181216231327-3d2000a0571c/go.mod h1:Mmd5dLmtpkJAaJsH8qiSxVF1CfqaM72iiQiJ+Uy9q4A=
github.com/dmibod/kanban/tools/db v0.0.0-20181212190758-e3211df24060/go.mod h1:w714dxy5/8M2M/lTFwnvuZRYWLNmPPPJVmALyenzeaY=
github.com/dmibod/kanban/tools/db v0.0.0-20181212191045-586572261fa2 h1:plkYk/9Rdh53l0/+i2TFkNPtPKflMEap+0lst64jKlI=
github.com/dmibod/kanban/tools/db v0.0.0-20181212191045-586572261fa2/go.mod h1:w714dxy5/8M2M/lTFwnvuZRYWLNmPPPJVmALyenzeaY=
github.com/dmibod/kanban/tools/db v0.0.0-20181216131007-ce19ff816ada h1:gzLgFbktNHZ2GSho+bmDfggblxNnkA/UThoPpZ3YtfE=
github.com/dmibod/kanban/tools/db v0.0.0-20181216131007-ce19ff816ada/go.mod h1:PbOU43PaqTLrPyY1wzUqAHgLCY6UbsJYAxXoUpAUj0A=
github.com/dmibod/kanban/tools/db v0.0.0-20181216132108-c9b485b1917f h1:01dEt0rB2J2bRfZ3uXGYbNZ1mmD6oAi9UFmb3YkIhKs=
github.com/dmibod/kanban/tools/db v0.0.0-20181216132108-c9b485b1917f/go.mod h1:PbOU43PaqTLrPyY1wzUqAHgLCY6UbsJYAxXoUpAUj0A=
github.com/dmibod/kanban/tools/db v0.0.0-20181216163648-8372a83d93cc h1:hHu5rI4x7ukLbEIYb7X0IaENhFLm8s5pjbC8yrII0mQ=
github.com/dmibod/kanban/tools/db v0.0.0-20181216163648-8372a83d93cc/go.mod h1:PbOU43PaqTLrPyY1wzUqAHgLCY6UbsJYAxXoUpAUj0A=
github.com/dmibod/kanban/tools/db v0.0.0-20181216170223-02ecf560778a h1:ErOkSI5+DL88Hg2jqvZBJdj2AI3RjRNigLIzZ41exlo=
github.com/dmibod/kanban/tools/db v0.0.0-20181216170223-02ecf560778a/go.mod h1:PbOU43PaqTLrPyY1wzUqAHgLCY6UbsJYAxXoUpAUj0A=
github.com/dmibod/kanban/tools/db v0.0.0-20181216171729-2f2413adaf79 h1:lvM6mS0O8vxxPNbMgO6k5xfSYdhVQqmhivjPWj+H/4k=
github.com/dmibod/kanban/tools/db v0.0.0-20181216171729-2f2413adaf79/go.mod h1:PbOU43PaqTLrPyY1wzUqAHgLCY6UbsJYAxXoUpAUj0A=
github.com/dmibod/kanban/tools/db v0.0.0-20181216192645-020e4acfe9ee h1:9i8bVLmGqjKeEqmSzweeIT/3aESzMe94fdc/BmKbDOc=
github.com/dmibod/kanban/tools/db v0.0.0-20181216192645-020e4acfe9ee/go.mod h1:PbOU43PaqTLrPyY1wzUqAHgLCY6UbsJYAxXoUpAUj0A=
github.com/dmibod/kanban/tools/db v0.0.0-20181216193048-ae73c7fd1a73 h1:d8onr+Kj4F7DZBoc0MpGmRkn4tTee/nnA4cqWxSZmXU=
github.com/dmibod/kanban/tools/db v0.0.0-20181216193048-ae73c7fd1a73/go.mod h1:PbOU43PaqTLrPyY1wzUqAHgLCY6UbsJYAxXoUpAUj0A=
github.com/dmibod/kanban/tools/db v0.0.0-20181216193441-024ec9eee366 h1:fl5AmuV1xbidCWv0dn6jHhN5qg2cxBdL8eZ2JkjC4I8=
github.com/dmibod/kanban/tools/db v0.0.0-20181216193441-024ec9eee366/go.mod h1:PbOU43PaqTLrPyY1wzUqAHgLCY6UbsJYAxXoUpAUj0A=
github.com/dmibod/kanban/tools/db v0.0.0-20181216200455-a95baceed129 h1:fGb6Ob8ezKMlWP7Pj78/TJx6QUfyQb+EhZxGrWVm1Eo=
github.com/dmibod/kanban/tools/db v0.0.0-20181216200455-a95baceed129/go.mod h1:PbOU43PaqTLrPyY1wzUqAHgLCY6UbsJYAxXoUpAUj0A=
github.com/dmibod/kanban/tools/db v0.0.0-20181216201158-8bb45c5325be h1:KyYnAcwo96H+S9LYDxXJAoVPO0JMLQq3q4YEjzg//zw=
github.com/dmibod/kanban/tools/db v0.0.0-20181216201158-8bb45c5325be/go.mod h1:PbOU43PaqTLrPyY1wzUqAHgLCY6UbsJYAxXoUpAUj0A=
github.com/dmibod/kanban/tools/db v0.0.0-20181216201452-f70717d4a6a1 h1:lFzF119sU/Qk/ImtuRZK/wSISlO0Eefvp+eyPtob8qI=
github.com/dmibod/kanban/tools/db v0.0.0-20181216201452-f70717d4a6a1/go.mod h1:PbOU43PaqTLrPyY1wzUqAHgLCY6UbsJYAxXoUpAUj0A=
github.com/dmibod/kanban/tools/db v0.0.0-20181216211111-17e9456d1669 h1:LpnhBOrcN9BtMnlay1JdYsQgMDWDifJRBp5QJtQLXNE=
github.com/dmibod/kanban/tools/db v0.0.0-20181216211111-17e9456d1669/go.mod h1:PbOU43PaqTLrPyY1wzUqAHgLCY6UbsJYAxXoUpAUj0A=
github.com/dmibod/kanban/tools/db v0.0.0-20181216215932-4e52b1a98e86 h1:YcEFMukjp2OmJ+ZIwjbb0DFQ8ea7uZIlgM9m1dcTV2o=
github.com/dmibod/kanban/tools/db v0.0.0-20181216215932-4e52b1a98e86/go.mod h1:PbOU43PaqTLrPyY1wzUqAHgLCY6UbsJYAxXoUpAUj0A=
github.com/dmibod/kanban/tools/db v0.0.0-20181216222616-c30921c77046 h1:n30bWXr2AEvjMjo1KshUJbiZnAex+Lx8spp6qDW39DA=
github.com/dmibod/kanban/tools/db v0.0.0-20181216222616-c30921c77046/go.mod h1:PbOU43PaqTLrPyY1wzUqAHgLCY6UbsJYAxXoUpAUj0A=
github.com/dmibod/kanban/tools/db v0.0.0-20181216225635-a30d7aaff8a7 h1:OjtoEBt7WCIm+aH2sxKwu3EsI6VsYtH4XJnXYVteMPI=
github.com/dmibod/kanban/tools/db v0.0.0-20181216225635-a30d7aaff8a7/go.mod h1:PbOU43PaqTLrPyY1wzUqAHgLCY6UbsJYAxXoUpAUj0A=
github.com/dmibod/kanban/tools/db v0.0.0-20181216231327-3d2000a0571c h1:mgnLa50tHyQxxmHm3EhbvBlm0q7llore6MVLn4hEFG8=
github.com/dmibod/kanban/tools/db v0.0.0-20181216231327-3d2000a0571c/go.mod h1:PbOU43PaqTLrPyY1wzUqAHgLCY6UbsJYAxXoUpAUj0A=
github.com/dmibod/kanban/tools/db/mongo v0.0.0-20181212191045-586572261fa2 h1:9m8dSmPbtW5ql3c2I/ilD10AE27XBYWd/N8iQA5FhxM=
github.com/dmibod/kanban/tools/db/mongo v0.0.0-20181212191045-586572261fa2/go.mod h1:uk2evVTLvDlxDD1Yk8XMSjhwJenoo4bNtsxKLUO+pD0=
github.com/dmibod/kanban/tools/db/mongo v0.0.0-20181216131007-ce19ff816ada h1:jEXtPq3+Kz7R0UVCoaonLCVIIwUNP6w3Ioe+PkrEY3Q=
github.com/dmibod/kanban/tools/db/mongo v0.0.0-20181216131007-ce19ff816ada/go.mod h1:uk2evVTLvDlxDD1Yk8XMSjhwJenoo4bNtsxKLUO+pD0=
github.com/dmibod/kanban/tools/db/mongo v0.0.0-20181216132108-c9b485b1917f h1:2B7BwZ0ZEdZMCsWoZ/cefhEPXleQaHvI1SnCER3nokA=
github.com/dmibod/kanban/tools/db/mongo v0.0.0-20181216132108-c9b485b1917f/go.mod h1:uk2evVTLvDlxDD1Yk8XMSjhwJenoo4bNtsxKLUO+pD0=
github.com/dmibod/kanban/tools/db/mongo v0.0.0-20181216163648-8372a83d93cc h1:ylo6dbNiUXk+vz1XYgA9YqW9AzXni7ll6q/XI4546Ag=
github.com/dmibod/kanban/tools/db/mongo v0.0.0-20181216163648-8372a83d93cc/go.mod h1:uk2evVTLvDlxDD1Yk8XMSjhwJenoo4bNtsxKLUO+pD0=
github.com/dmibod/kanban/tools/db/mongo v0.0.0-20181216170223-02ecf560778a h1:2IlDy53XFQFOADng8jF288VG8ZpPwa4z5yNXR55VGD4=
github.com/dmibod/kanban/tools/db/mongo v0.0.0-20181216170223-02ecf560778a/go.mod h1:uk2evVTLvDlxDD1Yk8XMSjhwJenoo4bNtsxKLUO+pD0=
github.com/dmibod/kanban/tools/db/mongo v0.0.0-20181216171729-2f2413adaf79 h1:nBvBTRPRnxsJ5phHUga9s/sYG9FpcCOtlcHG3DzI2lc=
github.com/dmibod/kanban/tools/db/mongo v0.0.0-20181216171729-2f2413adaf79/go.mod h1:uk2evVTLvDlxDD1Yk8XMSjhwJenoo4bNtsxKLUO+pD0=
github.com/dmibod/kanban/tools/db/mongo v0.0.0-20181216192645-020e4acfe9ee h1:eZo5SAi2x3R0jD9Zf3NM9RUTxPaWUy6IJkPwLQdlXfA=
github.com/dmibod/kanban/tools/db/mongo v0.0.0-20181216192645-020e4acfe9ee/go.mod h1:uk2evVTLvDlxDD1Yk8XMSjhwJenoo4bNtsxKLUO+pD0=
github.com/dmibod/kanban/tools/db/mongo v0.0.0-20181216193048-ae73c7fd1a73 h1:+mK7E8OzXoUTS0K4cPhl4DNcw6Soxwe38v44d0n/bDQ=
github.com/dmibod/kanban/tools/db/mongo v0.0.0-20181216193048-ae73c7fd1a73/go.mod h1:uk2evVTLvDlxDD1Yk8XMSjhwJenoo4bNtsxKLUO+pD0=
github.com/dmibod/kanban/tools/db/mongo v0.0.0-20181216193441-024ec9eee366 h1:lt/VE4nqLRmYmKTRVcHMdq/q1kb3zfCfZlA207rGPDw=
github.com/dmibod/kanban/tools/db/mongo v0.0.0-20181216193441-024ec9eee366/go.mod h1:uk2evVTLvDlxDD1Yk8XMSjhwJenoo4bNtsxKLUO+pD0=
github.com/dmibod/kanban/tools/db/mongo v0.0.0-20181216200455-a95baceed129 h1:m6YDXJAwt707G7uvP43LWv37NPW8aWc6oz/6hXbuPkY=
github.com/dmibod/kanban/tools/db/mongo v0.0.0-20181216200455-a95baceed129/go.mod h1:uk2evVTLvDlxDD1Yk8XMSjhwJenoo4bNtsxKLUO+pD0=
github.com/dmibod/kanban/tools/db/mongo v0.0.0-20181216201158-8bb45c5325be h1:TR9KPZA9zkHiejKZC3pjA0680iiCch0VKLR9dXtZSpA=
github.com/dmibod/kanban/tools/db/mongo v0.0.0-20181216201158-8bb45c5325be/go.mod h1:uk2evVTLvDlxDD1Yk8XMSjhwJenoo4bNtsxKLUO+pD0=
github.com/dmibod/kanban/tools/db/mongo v0.0.0-20181216201452-f70717d4a6a1 h1:s3bDVGyA/u7ODEDFVyQ5LnlnSJ9HrYMhSQ2N4Irvb/M=
github.com/dmibod/kanban/tools/db/mongo v0.0.0-20181216201452-f70717d4a6a1/go.mod h1:uk2evVTLvDlxDD1Yk8XMSjhwJenoo4bNtsxKLUO+pD0=
github.com/dmibod/kanban/tools/db/mongo v0.0.0-20181216211111-17e9456d1669 h1:yxo4XhGAib0mhBulH1UDVSeezHCmzitV7u4L3HkiWhM=
github.com/dmibod/kanban/tools/db/mongo v0.0.0-20181216211111-17e9456d1669/go.mod h1:uk2evVTLvDlxDD1Yk8XMSjhwJenoo4bNtsxKLUO+pD0=
github.com/dmibod/kanban/tools/db/mongo v0.0.0-20181216215932-4e52b1a98e86 h1:x+488Vwilkg4Z8N7P6Xgj3nNN1VAXeZ6h2X2SPQ3LX0=
github.com/dmibod/kanban/tools/db/mongo v0.0.0-20181216215932-4e52b1a98e86/go.mod h1:uk2evVTLvDlxDD1Yk8XMSjhwJenoo4bNtsxKLUO+pD0=
github.com/dmibod/kanban/tools/db/mongo v0.0.0-20181216222616-c30921c77046 h1:lonzZErfwjCAXnGcAtdOg52isk153ZVXYdl1stYWUOE=
github.com/dmibod/kanban/tools/db/mongo v0.0.0-20181216222616-c30921c77046/go.mod h1:uk2evVTLvDlxDD1Yk8XMSjhwJenoo4bNtsxKLUO+pD0=
github.com/dmibod/kanban/tools/db/mongo v0.0.0-20181216225635-a30d7aaff8a7 h1:Z+Wp/DL0HO8S4XP/uRqJnLBu/urGjVXtbx+k2KMDoMQ=
github.com/dmibod/kanban/tools/db/mongo v0.0.0-20181216225635-a30d7aaff8a7/go.mod h1:uk2evVTLvDlxDD1Yk8XMSjhwJenoo4bNtsxKLUO+pD0=
github.com/dmibod/kanban/tools/db/mongo v0.0.0-20181216231327-3d2000a0571c h1:1jHVYbNAQuA5mIpNaCkVmY5CXojb3Nisi9If5jvZqhY=
github.com/dmibod/kanban/tools/db/mongo v0.0.0-20181216231327-3d2000a0571c/go.mod h1:IBTTZhWuLSDrlW/GxVxFaQanNNsJB5tKYbY7b0WyDvk=
github.com/dmibod/kanban/tools/log v0.0.0-20181216210404-4257518d01d5 h1:NldZHnJ1YCQkpReJQqQu6v1g4Q7S+syxiIlmaIUQGc8=
github.com/dmibod/kanban/tools/log v0.0.0-20181216210404-4257518d01d5/go.mod h1:SE/vkiuvTmuzHGbG2YKBJCKhYT5LLSxo9UroAg5XZJE=
github.com/dmibod/kanban/tools/log v0.0.0-20181216211111-17e9456d1669 h1:kUhVWmJCcG+LolVbSNOF45r66f1SKu5hbH+YCqofWpk=
github.com/dmibod/kanban/tools/log v0.0.0-20181216211111-17e9456d1669/go.mod h1:SE/vkiuvTmuzHGbG2YKBJCKhYT5LLSxo9UroAg5XZJE=
github.com/dmibod/kanban/tools/log v0.0.0-20181216215823-d70abffb8cc9/go.mod h1:SE/vkiuvTmuzHGbG2YKBJCKhYT5LLSxo9UroAg5XZJE=
github.com/dmibod/kanban/tools/log v0.0.0-20181216215932-4e52b1a98e86 h1:In4jbpPRQOrcwJHrT6GQvdtcIf5hJW+G7ZDRXypXmlk=
github.com/dmibod/kanban/tools/log v0.0.0-20181216215932-4e52b1a98e86/go.mod h1:SE/vkiuvTmuzHGbG2YKBJCKhYT5LLSxo9UroAg5XZJE=
github.com/dmibod/kanban/tools/log v0.0.0-20181216222616-c30921c77046 h1:e4ImOtOAOcZiDcasz8+4HTKz7eT93JXCNwuEAMVHrkg=
github.com/dmibod/kanban/tools/log v0.0.0-20181216222616-c30921c77046/go.mod h1:SE/vkiuvTmuzHGbG2YKBJCKhYT5LLSxo9UroAg5XZJE=
github.com/dmibod/kanban/tools/log v0.0.0-20181216224642-cb4ffb3f5619/go.mod h1:SE/vkiuvTmuzHGbG2YKBJCKhYT5LLSxo9UroAg5XZJE=
github.com/dmibod/kanban/tools/log v0.0.0-20181216225635-a30d7aaff8a7 h1:ia+2yOEeqy1xBq9yAfn+9aPUhisRcREEzuGtOMODTCk=
github.com/dmibod/kanban/tools/log v0.0.0-20181216225635-a30d7aaff8a7/go.mod h1:SE/vkiuvTmuzHGbG2YKBJCKhYT5LLSxo9UroAg5XZJE=
github.com/dmibod/kanban/tools/log v0.0.0-20181216225822-b6e9c6ad4b97/go.mod h1:SE/vkiuvTmuzHGbG2YKBJCKhYT5LLSxo9UroAg5XZJE=
github.com/dmibod/kanban/tools/log v0.0.0-20181216231327-3d2000a0571c h1:0Rbbpe6periYIdYWlPVZ2A9C4clKQ1aZD2VKealL1b8=
github.com/dmibod/kanban/tools/log v0.0.0-20181216231327-3d2000a0571c/go.mod h1:SE/vkiuvTmuzHGbG2YKBJCKhYT5LLSxo9UroAg5XZJE=
github.com/dmibod/kanban/tools/log/logger v0.0.0-20181216211111-17e9456d1669 h1:6vbsCFt1PLyY3T50axf+6L8AopPCEpLiKBW7+T9rUv8=
github.com/dmibod/kanban/tools/log/logger v0.0.0-20181216211111-17e9456d1669/go.mod h1:3aqM0cCPxjqJJ+MY+SswmlZPuAzRhsAKTSw9n+YpP6Q=
github.com/dmibod/kanban/tools/log/logger v0.0.0-20181216215932-4e52b1a98e86 h1:kMXw2ucl/F3y6a9b+ermtlz6nX5AoZ6+WGWRzytF5+E=
github.com/dmibod/kanban/tools/log/logger v0.0.0-20181216215932-4e52b1a98e86/go.mod h1:rEkeUJic4PuNCV1B9+8yQhFzvGrZCVvKct8svVq4RPA=
github.com/dmibod/kanban/tools/log/logger v0.0.0-20181216222616-c30921c77046 h1:EyvZQQi8aG5FLXT9SRxvpOdhmc3dnucZcl/NYT3jGXw=
github.com/dmibod/kanban/tools/log/logger v0.0.0-20181216222616-c30921c77046/go.mod h1:rEkeUJic4PuNCV1B9+8yQhFzvGrZCVvKct8svVq4RPA=
github.com/dmibod/kanban/tools/log/logger v0.0.0-20181216224642-cb4ffb3f5619/go.mod h1:rEkeUJic4PuNCV1B9+8yQhFzvGrZCVvKct8svVq4RPA=
github.com/dmibod/kanban/tools/log/logger v0.0.0-20181216225635-a30d7aaff8a7 h1:c0Qmvm4T0NyvQZ8GxBxImllOIrunDk/70VFZW3CqXBg=
github.com/dmibod/kanban/tools/log/logger v0.0.0-20181216225635-a30d7aaff8a7/go.mod h1:rEkeUJic4PuNCV1B9+8yQhFzvGrZCVvKct8svVq4RPA=
github.com/dmibod/kanban/tools/log/logger v0.0.0-20181216225822-b6e9c6ad4b97/go.mod h1:rEkeUJic4PuNCV1B9+8yQhFzvGrZCVvKct8svVq4RPA=
github.com/dmibod/kanban/tools/log/logger v0.0.0-20181216231327-3d2000a0571c h1:fP4VISGIJBrMbVmkFoQbLblzPX1vCjdVgUKYC7zByB8=
github.com/dmibod/kanban/tools/log/logger v0.0.0-20181216231327-3d2000a0571c/go.mod h1:rEkeUJic4PuNCV1B9+8yQhFzvGrZCVvKct8svVq4RPA=
github.com/dmibod/kanban/tools/mux v0.0.0-20181212142123-527bfdb9bd45 h1:lb+nyyd2xOWeFr+OsfBRllDkRm/KmxmZaF6U2co1JRY=
github.com/dmibod/kanban/tools/mux v0.0.0-20181212142123-527bfdb9bd45/go.mod h1:hZmwnELCBBo+aOxkQVTm/l/MjaPIN7Y0HuH7up1Vl7k=
github.com/dmibod/kanban/tools/mux v0.0.0-20181216122721-7b52dcdad48b h1:kTUHbmDrLyfoWDi4P/z7VPNjjOrLouBz1F+viebs5Mc=
github.com/dmibod/kanban/tools/mux v0.0.0-20181216122721-7b52dcdad48b/go.mod h1:hZmwnELCBBo+aOxkQVTm/l/MjaPIN7Y0HuH7up1Vl7k=
github.com/dmibod/kanban/tools/mux v0.0.0-20181216130614-33895de82684/go.mod h1:hZmwnELCBBo+aOxkQVTm/l/MjaPIN7Y0HuH7up1Vl7k=
github.com/dmibod/kanban/tools/mux v0.0.0-20181216131007-ce19ff816ada h1:H99BRNvgV7A6QRVvq8v6E5979RCWxmxetpH3qAFcuSI=
github.com/dmibod/kanban/tools/mux v0.0.0-20181216131007-ce19ff816ada/go.mod h1:hZmwnELCBBo+aOxkQVTm/l/MjaPIN7Y0HuH7up1Vl7k=
github.com/dmibod/kanban/tools/mux v0.0.0-20181216132108-c9b485b1917f h1:uaK6C2Bac/nne5pA+Zn0s/hZcb1aujiy5hRPp7l4Ts8=
github.com/dmibod/kanban/tools/mux v0.0.0-20181216132108-c9b485b1917f/go.mod h1:hZmwnELCBBo+aOxkQVTm/l/MjaPIN7Y0HuH7up1Vl7k=
github.com/dmibod/kanban/tools/mux v0.0.0-20181216163352-5b00f3cc155f/go.mod h1:hZmwnELCBBo+aOxkQVTm/l/MjaPIN7Y0HuH7up1Vl7k=
github.com/dmibod/kanban/tools/mux v0.0.0-20181216163648-8372a83d93cc h1:lS/fNs4HsWvL0XblPK1OP65cV06hVwIArRq5H5DoJ94=
github.com/dmibod/kanban/tools/mux v0.0.0-20181216163648-8372a83d93cc/go.mod h1:hZmwnELCBBo+aOxkQVTm/l/MjaPIN7Y0HuH7up1Vl7k=
github.com/dmibod/kanban/tools/mux v0.0.0-20181216170223-02ecf560778a h1:4358vv2qDPG+c0Kmi3Si7QvCkHWAWhwTVZf0cuDcchs=
github.com/dmibod/kanban/tools/mux v0.0.0-20181216170223-02ecf560778a/go.mod h1:hZmwnELCBBo+aOxkQVTm/l/MjaPIN7Y0HuH7up1Vl7k=
github.com/dmibod/kanban/tools/mux v0.0.0-20181216171729-2f2413adaf79 h1:zuVUc9I4gHdtFrKnCWqMgpgrfONe0GkMxudq34r6bF4=
github.com/dmibod/kanban/tools/mux v0.0.0-20181216171729-2f2413adaf79/go.mod h1:hZmwnELCBBo+aOxkQVTm/l/MjaPIN7Y0HuH7up1Vl7k=
github.com/dmibod/kanban/tools/mux v0.0.0-20181216192645-020e4acfe9ee h1:DCo+WLeHIDm3kUFcy6yqfrk4A4wzMRXs+W+FlNLhLUQ=
github.com/dmibod/kanban/tools/mux v0.0.0-20181216192645-020e4acfe9ee/go.mod h1:hZmwnELCBBo+aOxkQVTm/l/MjaPIN7Y0HuH7up1Vl7k=
github.com/dmibod/kanban/tools/mux v0.0.0-20181216193048-ae73c7fd1a73 h1:HUww7EHVxyn2ldC6BYHE4/zVyTHJGEKDSlB/8trs/aA=
github.com/dmibod/kanban/tools/mux v0.0.0-20181216193048-ae73c7fd1a73/go.mod h1:hZmwnELCBBo+aOxkQVTm/l/MjaPIN7Y0HuH7up1Vl7k=
github.com/dmibod/kanban/tools/mux v0.0.0-20181216193441-024ec9eee366 h1:aMW5hmFhFsI8gOVGK+9IVcpnLLWSAKRQLB0ICNHlzw0=
github.com/dmibod/kanban/tools/mux v0.0.0-20181216193441-024ec9eee366/go.mod h1:hZmwnELCBBo+aOxkQVTm/l/MjaPIN7Y0HuH7up1Vl7k=
github.com/dmibod/kanban/tools/mux v0.0.0-20181216200455-a95baceed129 h1:/BQbOfnf5oFjvHb3fahd83Q+ed3i6W1MmdvWCXQoC3w=
github.com/dmibod/kanban/tools/mux v0.0.0-20181216200455-a95baceed129/go.mod h1:hZmwnELCBBo+aOxkQVTm/l/MjaPIN7Y0HuH7up1Vl7k=
github.com/dmibod/kanban/tools/mux v0.0.0-20181216201158-8bb45c5325be h1:LDahawlZu0HVHVbb1BdAZteO7pkZAP8kubiFON+oW4Q=
github.com/dmibod/kanban/tools/mux v0.0.0-20181216201158-8bb45c5325be/go.mod h1:hZmwnELCBBo+aOxkQVTm/l/MjaPIN7Y0HuH7up1Vl7k=
github.com/dmibod/kanban/tools/mux v0.0.0-20181216201452-f70717d4a6a1 h1:fG7UswPqcC9XU4Z28nlBG3D3p/BANefxt58dcGFDzXU=
github.com/dmibod/kanban/tools/mux v0.0.0-20181216201452-f70717d4a6a1/go.mod h1:hZmwnELCBBo+aOxkQVTm/l/MjaPIN7Y0HuH7up1Vl7k=
github.com/dmibod/kanban/tools/mux v0.0.0-20181216211111-17e9456d1669 h1:A4R94Acf7yO3hzQwUQN1LOpENNhTpzjBqbGSjRHI0zw=
github.com/dmibod/kanban/tools/mux v0.0.0-20181216211111-17e9456d1669/go.mod h1:hZmwnELCBBo+aOxkQVTm/l/MjaPIN7Y0HuH7up1Vl7k=
github.com/dmibod/kanban/tools/mux v0.0.0-20181216215932-4e52b1a98e86 h1:Vhk4d/gaHZcn3FQEYN3nEBPysh2jq9Qzne3yZOk6ixQ=
github.com/dmibod/kanban/tools/mux v0.0.0-20181216215932-4e52b1a98e86/go.mod h1:hZmwnELCBBo+aOxkQVTm/l/MjaPIN7Y0HuH7up1Vl7k=
github.com/dmibod/kanban/tools/mux v0.0.0-20181216222616-c30921c77046 h1:ZvJiPkzQnJ4AJacMR+9D1JeINdYNBz9Qo5raE4ZuLKk=
github.com/dmibod/kanban/tools/mux v0.0.0-20181216222616-c30921c77046/go.mod h1:hZmwnELCBBo+aOxkQVTm/l/MjaPIN7Y0HuH7up1Vl7k=
github.com/dmibod/kanban/tools/mux v0.0.0-20181216225635-a30d7aaff8a7 h1:XEJbTqQKddXxIZUuXnu93fQMeg6avNFRoi8R8T57I/A=
github.com/dmibod/kanban/tools/mux v0.0.0-20181216225635-a30d7aaff8a7/go.mod h1:hZmwnELCBBo+aOxkQVTm/l/MjaPIN7Y0HuH7up1Vl7k=
github.com/dmibod/kanban/tools/mux v0.0.0-20181216231327-3d2000a0571c h1:9f7ZDbtHpl7vWP/uTCwNW1NF2id/pbZcJSHM2YlzW10=
github.com/dmibod/kanban/tools/mux v0.0.0-20181216231327-3d2000a0571c/go.mod h1:hZmwnELCBBo+aOxkQVTm/l/MjaPIN7Y0HuH7up1Vl7k=
github.com/dmibod/kanban/tools/mux/http v0.0.0-20181214130645-8f8730b589ec h1:Smqu2Q2Ik0FvjHK3LoRJLf+iDAQ+aJyGKkB6S8PquvQ=
github.com/dmibod/kanban/tools/mux/http v0.0.0-20181214130645-8f8730b589ec/go.mod h1:Z8ShoUbJZIaB5w1kiLz9S0V6AegsHJad2zE1mjmFMBs=
github.com/dmibod/kanban/tools/mux/http v0.0.0-20181216131007-ce19ff816ada h1:2kL9wRughnhrDXLcs4fjRXnec/htZMtAWhJICn39oCc=
github.com/dmibod/kanban/tools/mux/http v0.0.0-20181216131007-ce19ff816ada/go.mod h1:7JHP1IlRHcbE068lflfW7Ue852VHSOHKoQEn2l2oxJk=
github.com/dmibod/kanban/tools/mux/http v0.0.0-20181216132108-c9b485b1917f h1:qgO4GF+/VXgaKe2RKMYSiNS0pOlnJG04kvDSdhW3ao0=
github.com/dmibod/kanban/tools/mux/http v0.0.0-20181216132108-c9b485b1917f/go.mod h1:7JHP1IlRHcbE068lflfW7Ue852VHSOHKoQEn2l2oxJk=
github.com/dmibod/kanban/tools/mux/http v0.0.0-20181216163648-8372a83d93cc h1:3tx0kLinmYUPEIiwryz/A5RMSeNIRf7nPAgpJzdOgNM=
github.com/dmibod/kanban/tools/mux/http v0.0.0-20181216163648-8372a83d93cc/go.mod h1:6EanVF8OaF7csoSol6rnW8q9mDfNHxcAsirKvr1lO8Y=
github.com/dmibod/kanban/tools/mux/http v0.0.0-20181216170223-02ecf560778a h1:/yzK1KuN1CgSrfXvA739LVT8E15yKUCQqKg6yIx+ZHc=
github.com/dmibod/kanban/tools/mux/http v0.0.0-20181216170223-02ecf560778a/go.mod h1:6EanVF8OaF7csoSol6rnW8q9mDfNHxcAsirKvr1lO8Y=
github.com/dmibod/kanban/tools/mux/http v0.0.0-20181216171729-2f2413adaf79 h1:aI9neZ+Wsd7UvvCQZJhvVrWY97TVF28h21Nf6JGMqdw=
github.com/dmibod/kanban/tools/mux/http v0.0.0-20181216171729-2f2413adaf79/go.mod h1:6EanVF8OaF7csoSol6rnW8q9mDfNHxcAsirKvr1lO8Y=
github.com/dmibod/kanban/tools/mux/http v0.0.0-20181216192645-020e4acfe9ee h1:486mJf+X9ChD5tBq3myPiv8x9vevCFkhVoJ6qxoR15k=
github.com/dmibod/kanban/tools/mux/http v0.0.0-20181216192645-020e4acfe9ee/go.mod h1:6EanVF8OaF7csoSol6rnW8q9mDfNHxcAsirKvr1lO8Y=
github.com/dmibod/kanban/tools/mux/http v0.0.0-20181216193048-ae73c7fd1a73 h1:qHszpXAsrij8vsFfEAM2tFwbgsXLVEXCaD6vGzJfQ7k=
github.com/dmibod/kanban/tools/mux/http v0.0.0-20181216193048-ae73c7fd1a73/go.mod h1:6EanVF8OaF7csoSol6rnW8q9mDfNHxcAsirKvr1lO8Y=
github.com/dmibod/kanban/tools/mux/http v0.0.0-20181216193441-024ec9eee366 h1:8m1hG20ueRSOafIWDqn7JjhWM6nfYnQIVlG3shsnyKM=
github.com/dmibod/kanban/tools/mux/http v0.0.0-20181216193441-024ec9eee366/go.mod h1:6EanVF8OaF7csoSol6rnW8q9mDfNHxcAsirKvr1lO8Y=
github.com/dmibod/kanban/tools/mux/http v0.0.0-20181216200455-a95baceed129 h1:eVJvyMDL01eVihi8rIcxjyF+bwHmhyJTskG/fnCKiag=
github.com/dmibod/kanban/tools/mux/http v0.0.0-20181216200455-a95baceed129/go.mod h1:6EanVF8OaF7csoSol6rnW8q9mDfNHxcAsirKvr1lO8Y=
github.com/dmibod/kanban/tools/mux/http v0.0.0-20181216201158-8bb45c5325be h1:cbDqQdQXQ3JSTGyzpZt/fBqqK0zQSauBjTh2rGF+68s=
github.com/dmibod/kanban/tools/mux/http v0.0.0-20181216201158-8bb45c5325be/go.mod h1:6EanVF8OaF7csoSol6rnW8q9mDfNHxcAsirKvr1lO8Y=
github.com/dmibod/kanban/tools/mux/http v0.0.0-20181216201452-f70717d4a6a1 h1:qZYl6Ay8VvNWzGU3UD+dKWHUKXp/vZfzBPHcYDqklzc=
github.com/dmibod/kanban/tools/mux/http v0.0.0-20181216201452-f70717d4a6a1/go.mod h1:6EanVF8OaF7csoSol6rnW8q9mDfNHxcAsirKvr1lO8Y=
github.com/dmibod/kanban/tools/mux/http v0.0.0-20181216211111-17e9456d1669 h1:i7mHoHhE/8YADl/c2FP+Afykf7hCmSDx1kB4T/TarQo=
github.com/dmibod/kanban/tools/mux/http v0.0.0-20181216211111-17e9456d1669/go.mod h1:6EanVF8OaF7csoSol6rnW8q9mDfNHxcAsirKvr1lO8Y=
github.com/dmibod/kanban/tools/mux/http v0.0.0-20181216215932-4e52b1a98e86 h1:1pnrtxVJLUX5ihxkp8R2kP/dF7KfSW02w2ghwvf9/xg=
github.com/dmibod/kanban/tools/mux/http v0.0.0-20181216215932-4e52b1a98e86/go.mod h1:6EanVF8OaF7csoSol6rnW8q9mDfNHxcAsirKvr1lO8Y=
github.com/dmibod/kanban/tools/mux/http v0.0.0-20181216222616-c30921c77046 h1:7e/+XO7oGRyfYBJ1iISBHx9RGO6vgNMWak+d0SLdAhg=
github.com/dmibod/kanban/tools/mux/http v0.0.0-20181216222616-c30921c77046/go.mod h1:6EanVF8OaF7csoSol6rnW8q9mDfNHxcAsirKvr1lO8Y=
github.com/dmibod/kanban/tools/mux/http v0.0.0-20181216225635-a30d7aaff8a7 h1:AFwwVm2dIiMOCzu1FHmXmUZxbiFvooiwYoMr73KvIMA=
github.com/dmibod/kanban/tools/mux/http v0.0.0-20181216225635-a30d7aaff8a7/go.mod h1:YIpmevIY7UxiUL+NjQajV1qUr/xV7oOh+oA+klP9+ho=
github.com/dmibod/kanban/tools/mux/http v0.0.0-20181216231327-3d2000a0571c h1:Bz35XzLstikdyrkE+C178DRByFFnC01/VQwOQEE1p10=
github.com/dmibod/kanban/tools/mux/http v0.0.0-20181216231327-3d2000a0571c/go.mod h1:YIpmevIY7UxiUL+NjQajV1qUr/xV7oOh+oA+klP9+ho=
github.com/go-stack/stack v1.8.0 h1:5SgMzNM5HxrEjV0ww2lTmX6E2Izsfxas4+YHWRs3Lsk=
github.com/go-stack/stack v1.8.0/go.mod h1:v0f6uXyyMGvRgIKkXu+yp6POWl0qKG85gN/melR3HDY=
github.com/golang/snappy v0.0.0-20180518054509-2e65f85255db h1:woRePGFeVFfLKN/pOkfl+p/TAqKOfFu+7KPlMVpok/w=
github.com/golang/snappy v0.0.0-20180518054509-2e65f85255db/go.mod h1:/XxbfmMg8lxefKM7IXC3fBNl/7bRcc72aCRzEWrmP2Q=
github.com/google/go-cmp v0.2.0 h1:+dTQ8DZQJz0Mb/HjFlkptS1FeQ4cWSnN941F8aEG4SQ=
github.com/google/go-cmp v0.2.0/go.mod h1:oXzfMopK8JAjlY9xF4vHSVASa0yLyX7SntLO5aqRK0M=
github.com/mongodb/mongo-go-driver v0.1.0 h1:LcpPFw0tNumIAakvNrkI9S9wdX0iOxvMLw/+hcAdHaU=
github.com/mongodb/mongo-go-driver v0.1.0/go.mod h1:NK/HWDIIZkaYsnYa0hmtP443T5ELr0KDecmIioVuuyU=
github.com/pmezard/go-difflib v1.0.0 h1:4DBwDE0NGyQoBHbLQYPwSUPoCMWR5BEzIk/f1lZbAQM=
github.com/pmezard/go-difflib v1.0.0/go.mod h1:iKH77koFhYxTK1pcRnkKkqfTogsbg7gZNVY4sRDYZ/4=
github.com/stretchr/objx v0.1.1/go.mod h1:HFkY916IF+rwdDfMAkV7OtwuqBVzrE8GR6GFx+wExME=
github.com/stretchr/testify v1.2.2 h1:bSDNvY7ZPG5RlJ8otE/7V6gMiyenm9RtJ7IUVIAoJ1w=
github.com/stretchr/testify v1.2.2/go.mod h1:a8OnRcib4nhh0OaRAV+Yts87kKdq0PP7pXfy6kDkUVs=
github.com/tidwall/pretty v0.0.0-20180105212114-65a9db5fad51 h1:BP2bjP495BBPaBcS5rmqviTfrOkN5rO5ceKAMRZCRFc=
github.com/tidwall/pretty v0.0.0-20180105212114-65a9db5fad51/go.mod h1:XNkn88O1ChpSDQmQeStsy+sBenx6DDtFZJxhVysOjyk=
github.com/xdg/scram v0.0.0-20180814205039-7eeb5667e42c h1:u40Z8hqBAAQyv+vATcGgV0YCnDjqSL7/q/JyPhhJSPk=
github.com/xdg/scram v0.0.0-20180814205039-7eeb5667e42c/go.mod h1:lB8K/P019DLNhemzwFU4jHLhdvlE6uDZjXFejJXr49I=
github.com/xdg/stringprep v1.0.0 h1:d9X0esnoa3dFsV0FG35rAT0RIhYFlPq7MiP+DW89La0=
github.com/xdg/stringprep v1.0.0/go.mod h1:Jhud4/sHMO4oL310DaZAKk9ZaJ08SJfe+sJh0HrGL1Y=
golang.org/x/crypto v0.0.0-20181203042331-505ab145d0a9 h1:mKdxBk7AujPs8kU4m80U72y/zjbZ3UcXC7dClwKbUI0=
golang.org/x/crypto v0.0.0-20181203042331-505ab145d0a9/go.mod h1:6SG95UA2DQfeDnfUPMdvaQW0Q7yPrPDi9nlGo2tz2b4=
golang.org/x/sync v0.0.0-20181108010431-42b317875d0f h1:Bl/8QSvNqXvPGPGXa2z5xUTmV7VDcZyvRZ+QQXkXTZQ=
golang.org/x/sync v0.0.0-20181108010431-42b317875d0f/go.mod h1:RxMgew5VJxzue5/jJTE5uejpjVlOe/izrB70Jof72aM=
golang.org/x/text v0.3.0 h1:g61tztE5qeGQ89tm6NTjjM9VPIm088od1l6aSorWRWg=
golang.org/x/text v0.3.0/go.mod h1:NqM8EUOU14njkJ3fqMW+pc6Ldnwhi/IjpwHt7yyuwOQ=
