github.com/afex/hystrix-go v0.0.0-20180502004556-fa1af6a1f4f5 h1:rFw4nCn9iMW+Vajsk51NtYIcwSTkXr+JGrMd36kTDJw=
github.com/afex/hystrix-go v0.0.0-20180502004556-fa1af6a1f4f5/go.mod h1:SkGFH1ia65gfNATL8TAiHDNxPzPdmEL5uirI2Uyuz6c=
github.com/davecgh/go-spew v1.1.1 h1:vj9j/u1bqnvCEfJOwUhtlOARqs3+rkHYY13jYWTU97c=
github.com/davecgh/go-spew v1.1.1/go.mod h1:J7Y8YcW2NihsgmVo/mv3lAwl/skON4iLHjSsI+c5H38=
github.com/dmibod/kanban v0.0.0-20181217155621-722677e204cd h1:G7CXfVUNpLNJbqoom8E120hXReKsbtH2wCDhFGHt3Fs=
github.com/dmibod/kanban v0.0.0-20181217155621-722677e204cd/go.mod h1:AQeDjJi70zYAfZqz3rSWlTYf8wAEXtNP20DJMB17enM=
github.com/dmibod/kanban v0.0.0-20181219084447-ee08fbf5b5fa h1:H7/+p3/5mutvb/fzPBy5tD2va2dqVfWQ0ke9HElfF1s=
github.com/dmibod/kanban v0.0.0-20181219084447-ee08fbf5b5fa/go.mod h1:AQeDjJi70zYAfZqz3rSWlTYf8wAEXtNP20DJMB17enM=
github.com/dmibod/kanban v0.0.0-20181219084947-a735a1d5aa8a h1:aGWg+GR8Xar/IaXRsSZbArYosHhyuIxGZGUiiCYDhS0=
github.com/dmibod/kanban v0.0.0-20181219084947-a735a1d5aa8a/go.mod h1:ttR/511pvk8iznZaI/x9BPo/dzCDlTsygW5eZYu4DRA=
github.com/dmibod/kanban v0.0.0-20181219123446-0b6fd7462ec2 h1:LAFLgJtFGqqdiTCZH+KPTU0Gpu9GMD2OjgUNZ2RV8EQ=
github.com/dmibod/kanban v0.0.0-20181219123446-0b6fd7462ec2/go.mod h1:ttR/511pvk8iznZaI/x9BPo/dzCDlTsygW5eZYu4DRA=
github.com/dmibod/kanban v0.0.0-20181219124337-fe87c4b59895 h1:FeiJlbkgUR5pGxOfzbw1SSWYA3JJacKoZdQ9x5ckYlw=
github.com/dmibod/kanban v0.0.0-20181219124337-fe87c4b59895/go.mod h1:ttR/511pvk8iznZaI/x9BPo/dzCDlTsygW5eZYu4DRA=
github.com/dmibod/kanban v0.0.0-20181219125054-3b0883002559 h1:yhWGSOu52Rktqt9SyC5bghgZeszqgzBGZu+9RtnGuyg=
github.com/dmibod/kanban v0.0.0-20181219125054-3b0883002559/go.mod h1:ttR/511pvk8iznZaI/x9BPo/dzCDlTsygW5eZYu4DRA=
github.com/dmibod/kanban v0.0.0-20181219132410-b2d816347b07 h1:XIxRG0+VCzK57OYlYIlq5IuTZbvNsCddFi+zkXAsMN4=
github.com/dmibod/kanban v0.0.0-20181219132410-b2d816347b07/go.mod h1:ttR/511pvk8iznZaI/x9BPo/dzCDlTsygW5eZYu4DRA=
github.com/dmibod/kanban v0.0.0-20181219144858-91f52e408520 h1:/7UHg6LYyCvb6f1o5ZXmtufGJWfBbWxoTmWZzmDf/Yk=
github.com/dmibod/kanban v0.0.0-20181219144858-91f52e408520/go.mod h1:ttR/511pvk8iznZaI/x9BPo/dzCDlTsygW5eZYu4DRA=
github.com/dmibod/kanban v0.0.0-20181219153937-b50544978c1d h1:fPw7/dL2YUY+UG1vFIoMfhaOWxXsKZbNv5C5E7c04B0=
github.com/dmibod/kanban v0.0.0-20181219153937-b50544978c1d/go.mod h1:ViOWjP1Nma48E8iB3sYJP+xjihj6aIdkTfzfqLvzKs0=
github.com/dmibod/kanban v0.0.0-20181219163432-afa86f2ec0bc h1:GohKl8Qgm6drB3H4CiH9v570peGW2pPLlqkAGZ8mXqI=
github.com/dmibod/kanban v0.0.0-20181219163432-afa86f2ec0bc/go.mod h1:ViOWjP1Nma48E8iB3sYJP+xjihj6aIdkTfzfqLvzKs0=
github.com/dmibod/kanban v0.0.0-20181219165634-561bdd29dd51 h1:vS6bicpTToPgtM+fnAC3eSjmK2Y88pjkmByGvn5TH6k=
github.com/dmibod/kanban v0.0.0-20181219165634-561bdd29dd51/go.mod h1:ViOWjP1Nma48E8iB3sYJP+xjihj6aIdkTfzfqLvzKs0=
github.com/go-stack/stack v1.8.0 h1:5SgMzNM5HxrEjV0ww2lTmX6E2Izsfxas4+YHWRs3Lsk=
github.com/go-stack/stack v1.8.0/go.mod h1:v0f6uXyyMGvRgIKkXu+yp6POWl0qKG85gN/melR3HDY=
github.com/golang/protobuf v1.2.0 h1:P3YflyNX/ehuJFLhxviNdFxQPkGK5cDcApsge1SqnvM=
github.com/golang/protobuf v1.2.0/go.mod h1:6lQm79b+lXiMfvg/cZm0SGofjICqVBUtrP5yJMmIC1U=
github.com/golang/snappy v0.0.0-20180518054509-2e65f85255db h1:woRePGFeVFfLKN/pOkfl+p/TAqKOfFu+7KPlMVpok/w=
github.com/golang/snappy v0.0.0-20180518054509-2e65f85255db/go.mod h1:/XxbfmMg8lxefKM7IXC3fBNl/7bRcc72aCRzEWrmP2Q=
github.com/google/go-cmp v0.2.0 h1:+dTQ8DZQJz0Mb/HjFlkptS1FeQ4cWSnN941F8aEG4SQ=
github.com/google/go-cmp v0.2.0/go.mod h1:oXzfMopK8JAjlY9xF4vHSVASa0yLyX7SntLO5aqRK0M=
github.com/gopherjs/gopherjs v0.0.0-20181103185306-d547d1d9531e/go.mod h1:wJfORRmW1u3UXTncJ5qlYoELFm8eSnnEO6hX4iZ3EWY=
github.com/gorilla/websocket v1.4.0 h1:WDFjx/TMzVgy9VdMMQi2K2Emtwi2QcUQsztZ/zLaH/Q=
github.com/gorilla/websocket v1.4.0/go.mod h1:E7qHFY5m1UJ88s3WnNqhKjPHQ0heANvMoAMk2YaljkQ=
github.com/jtolds/gls v4.2.1+incompatible/go.mod h1:QJZ7F/aHp+rZTRtaJ1ow/lLfFfVYBRgL+9YlvaHOwJU=
github.com/mongodb/mongo-go-driver v0.1.0 h1:LcpPFw0tNumIAakvNrkI9S9wdX0iOxvMLw/+hcAdHaU=
github.com/mongodb/mongo-go-driver v0.1.0/go.mod h1:NK/HWDIIZkaYsnYa0hmtP443T5ELr0KDecmIioVuuyU=
github.com/nats-io/gnatsd v1.3.0 h1:+5d80klu3QaJgNbdavVBjWJP7cHd11U2CLnRTFM9ICI=
github.com/nats-io/gnatsd v1.3.0/go.mod h1:nqco77VO78hLCJpIcVfygDP2rPGfsEHkGTUk94uh5DQ=
github.com/nats-io/go-nats v1.7.0 h1:oQOfHcLr8hb43QG8yeVyY2jtarIaTjOv41CGdF3tTvQ=
github.com/nats-io/go-nats v1.7.0/go.mod h1:+t7RHT5ApZebkrQdnn6AhQJmhJJiKAvJUio1PiiCtj0=
github.com/nats-io/nkeys v0.0.2 h1:+qM7QpgXnvDDixitZtQUBDY9w/s9mu1ghS+JIbsrx6M=
github.com/nats-io/nkeys v0.0.2/go.mod h1:dab7URMsZm6Z/jp9Z5UGa87Uutgc2mVpXLC4B7TDb/4=
github.com/nats-io/nuid v1.0.0 h1:44QGdhbiANq8ZCbUkdn6W5bqtg+mHuDE4wOUuxxndFs=
github.com/nats-io/nuid v1.0.0/go.mod h1:19wcPz3Ph3q0Jbyiqsd0kePYG7A95tJPxeL+1OSON2c=
github.com/pmezard/go-difflib v1.0.0 h1:4DBwDE0NGyQoBHbLQYPwSUPoCMWR5BEzIk/f1lZbAQM=
github.com/pmezard/go-difflib v1.0.0/go.mod h1:iKH77koFhYxTK1pcRnkKkqfTogsbg7gZNVY4sRDYZ/4=
github.com/smartystreets/assertions v0.0.0-20180927180507-b2de0cb4f26d/go.mod h1:OnSkiWE9lh6wB0YB77sQom3nweQdgAjqCqsofrRNTgc=
github.com/smartystreets/goconvey v0.0.0-20181108003508-044398e4856c/go.mod h1:XDJAKZRPZ1CvBcN2aX5YOUTYGHki24fSF0Iv48Ibg0s=
github.com/stretchr/objx v0.1.1 h1:2vfRuCMp5sSVIDSqO8oNnWJq7mPa6KVP3iPIwFBuy8A=
github.com/stretchr/objx v0.1.1/go.mod h1:HFkY916IF+rwdDfMAkV7OtwuqBVzrE8GR6GFx+wExME=
github.com/stretchr/testify v1.2.2 h1:bSDNvY7ZPG5RlJ8otE/7V6gMiyenm9RtJ7IUVIAoJ1w=
github.com/stretchr/testify v1.2.2/go.mod h1:a8OnRcib4nhh0OaRAV+Yts87kKdq0PP7pXfy6kDkUVs=
github.com/tidwall/pretty v0.0.0-20180105212114-65a9db5fad51 h1:BP2bjP495BBPaBcS5rmqviTfrOkN5rO5ceKAMRZCRFc=
github.com/tidwall/pretty v0.0.0-20180105212114-65a9db5fad51/go.mod h1:XNkn88O1ChpSDQmQeStsy+sBenx6DDtFZJxhVysOjyk=
github.com/xdg/scram v0.0.0-20180814205039-7eeb5667e42c h1:u40Z8hqBAAQyv+vATcGgV0YCnDjqSL7/q/JyPhhJSPk=
github.com/xdg/scram v0.0.0-20180814205039-7eeb5667e42c/go.mod h1:lB8K/P019DLNhemzwFU4jHLhdvlE6uDZjXFejJXr49I=
github.com/xdg/stringprep v1.0.0 h1:d9X0esnoa3dFsV0FG35rAT0RIhYFlPq7MiP+DW89La0=
github.com/xdg/stringprep v1.0.0/go.mod h1:Jhud4/sHMO4oL310DaZAKk9ZaJ08SJfe+sJh0HrGL1Y=
golang.org/x/crypto v0.0.0-20181203042331-505ab145d0a9 h1:mKdxBk7AujPs8kU4m80U72y/zjbZ3UcXC7dClwKbUI0=
golang.org/x/crypto v0.0.0-20181203042331-505ab145d0a9/go.mod h1:6SG95UA2DQfeDnfUPMdvaQW0Q7yPrPDi9nlGo2tz2b4=
golang.org/x/sync v0.0.0-20181108010431-42b317875d0f h1:Bl/8QSvNqXvPGPGXa2z5xUTmV7VDcZyvRZ+QQXkXTZQ=
golang.org/x/sync v0.0.0-20181108010431-42b317875d0f/go.mod h1:RxMgew5VJxzue5/jJTE5uejpjVlOe/izrB70Jof72aM=
golang.org/x/sys v0.0.0-20181213200352-4d1cda033e06 h1:0oC8rFnE+74kEmuHZ46F6KHsMr5Gx2gUQPuNz28iQZM=
golang.org/x/sys v0.0.0-20181213200352-4d1cda033e06/go.mod h1:STP8DvDyc/dI5b8T5hshtkjS+E42TnysNCUPdjciGhY=
golang.org/x/sys v0.0.0-20181218192612-074acd46bca6/go.mod h1:STP8DvDyc/dI5b8T5hshtkjS+E42TnysNCUPdjciGhY=
golang.org/x/text v0.3.0 h1:g61tztE5qeGQ89tm6NTjjM9VPIm088od1l6aSorWRWg=
golang.org/x/text v0.3.0/go.mod h1:NqM8EUOU14njkJ3fqMW+pc6Ldnwhi/IjpwHt7yyuwOQ=
