github.com/davecgh/go-spew v1.1.1 h1:vj9j/u1bqnvCEfJOwUhtlOARqs3+rkHYY13jYWTU97c=
github.com/davecgh/go-spew v1.1.1/go.mod h1:J7Y8YcW2NihsgmVo/mv3lAwl/skON4iLHjSsI+c5H38=
github.com/dmibod/kanban/kernel v0.0.0-20181208162645-cf1ab3deaf5c h1:PJO9U0+Std2sMBcOQc+VmmiZwlGy280IXYQOjC803bc=
github.com/dmibod/kanban/kernel v0.0.0-20181208162645-cf1ab3deaf5c/go.mod h1:Mmd5dLmtpkJAaJsH8qiSxVF1CfqaM72iiQiJ+Uy9q4A=
github.com/dmibod/kanban/kernel v0.0.0-20181216131007-ce19ff816ada h1:4Hg8vCmFd141f9hx7drb/0cjBS+efuYjtIjE5Gno5yU=
github.com/dmibod/kanban/kernel v0.0.0-20181216131007-ce19ff816ada/go.mod h1:Mmd5dLmtpkJAaJsH8qiSxVF1CfqaM72iiQiJ+Uy9q4A=
github.com/dmibod/kanban/kernel v0.0.0-20181216132108-c9b485b1917f h1:S3TCqyV2K3oaKTiAvV0CbPRF6d7GFo43WoecKTn6j9w=
github.com/dmibod/kanban/kernel v0.0.0-20181216132108-c9b485b1917f/go.mod h1:Mmd5dLmtpkJAaJsH8qiSxVF1CfqaM72iiQiJ+Uy9q4A=
github.com/dmibod/kanban/kernel v0.0.0-20181216163648-8372a83d93cc h1:DSGArtGPVkdBMxcjtJwTwwhJThSfbg/Jq/JSyeuv0rM=
github.com/dmibod/kanban/kernel v0.0.0-20181216163648-8372a83d93cc/go.mod h1:Mmd5dLmtpkJAaJsH8qiSxVF1CfqaM72iiQiJ+Uy9q4A=
github.com/dmibod/kanban/kernel v0.0.0-20181216171221-6109660f8a7d h1:mO1e2VYg2koFrvQz2666PB+8w4wJ9j+U1Sf4vThgDKo=
github.com/dmibod/kanban/kernel v0.0.0-20181216171221-6109660f8a7d/go.mod h1:Mmd5dLmtpkJAaJsH8qiSxVF1CfqaM72iiQiJ+Uy9q4A=
github.com/dmibod/kanban/kernel v0.0.0-20181216171729-2f2413adaf79 h1:OJ/uoqWJ+IfSln0kL2DaKC2CB+R1XUnKStR5c6/OvQk=
github.com/dmibod/kanban/kernel v0.0.0-20181216171729-2f2413adaf79/go.mod h1:Mmd5dLmtpkJAaJsH8qiSxVF1CfqaM72iiQiJ+Uy9q4A=
github.com/dmibod/kanban/kernel v0.0.0-20181216201452-f70717d4a6a1 h1:obKJRm1gsGWrt6vJ3dnaIaJmNSxLdRC+YyBSCTFYi/k=
github.com/dmibod/kanban/kernel v0.0.0-20181216201452-f70717d4a6a1/go.mod h1:Mmd5dLmtpkJAaJsH8qiSxVF1CfqaM72iiQiJ+Uy9q4A=
github.com/dmibod/kanban/tools/db v0.0.0-20181212190758-e3211df24060/go.mod h1:w714dxy5/8M2M/lTFwnvuZRYWLNmPPPJVmALyenzeaY=
github.com/dmibod/kanban/tools/db v0.0.0-20181214164840-b678a6a97b23 h1:8UnB4bxqr0SU1FHqdhl8g6aVplq89X/Wtkc4KVhRKtw=
github.com/dmibod/kanban/tools/db v0.0.0-20181214164840-b678a6a97b23/go.mod h1:w714dxy5/8M2M/lTFwnvuZRYWLNmPPPJVmALyenzeaY=
github.com/dmibod/kanban/tools/db v0.0.0-20181216131007-ce19ff816ada h1:gzLgFbktNHZ2GSho+bmDfggblxNnkA/UThoPpZ3YtfE=
github.com/dmibod/kanban/tools/db v0.0.0-20181216131007-ce19ff816ada/go.mod h1:PbOU43PaqTLrPyY1wzUqAHgLCY6UbsJYAxXoUpAUj0A=
github.com/dmibod/kanban/tools/db v0.0.0-20181216132108-c9b485b1917f h1:01dEt0rB2J2bRfZ3uXGYbNZ1mmD6oAi9UFmb3YkIhKs=
github.com/dmibod/kanban/tools/db v0.0.0-20181216132108-c9b485b1917f/go.mod h1:PbOU43PaqTLrPyY1wzUqAHgLCY6UbsJYAxXoUpAUj0A=
github.com/dmibod/kanban/tools/db v0.0.0-20181216163648-8372a83d93cc h1:hHu5rI4x7ukLbEIYb7X0IaENhFLm8s5pjbC8yrII0mQ=
github.com/dmibod/kanban/tools/db v0.0.0-20181216163648-8372a83d93cc/go.mod h1:PbOU43PaqTLrPyY1wzUqAHgLCY6UbsJYAxXoUpAUj0A=
github.com/dmibod/kanban/tools/db v0.0.0-20181216171221-6109660f8a7d h1:Y+z0AUOYiFdO2F0jpyY/4O8Hw94/G9gQ8EzwseCLlGE=
github.com/dmibod/kanban/tools/db v0.0.0-20181216171221-6109660f8a7d/go.mod h1:PbOU43PaqTLrPyY1wzUqAHgLCY6UbsJYAxXoUpAUj0A=
github.com/dmibod/kanban/tools/db v0.0.0-20181216171729-2f2413adaf79 h1:lvM6mS0O8vxxPNbMgO6k5xfSYdhVQqmhivjPWj+H/4k=
github.com/dmibod/kanban/tools/db v0.0.0-20181216171729-2f2413adaf79/go.mod h1:PbOU43PaqTLrPyY1wzUqAHgLCY6UbsJYAxXoUpAUj0A=
github.com/dmibod/kanban/tools/db v0.0.0-20181216201452-f70717d4a6a1 h1:lFzF119sU/Qk/ImtuRZK/wSISlO0Eefvp+eyPtob8qI=
github.com/dmibod/kanban/tools/db v0.0.0-20181216201452-f70717d4a6a1/go.mod h1:PbOU43PaqTLrPyY1wzUqAHgLCY6UbsJYAxXoUpAUj0A=
github.com/dmibod/kanban/tools/db/mongo v0.0.0-20181212191045-586572261fa2 h1:9m8dSmPbtW5ql3c2I/ilD10AE27XBYWd/N8iQA5FhxM=
github.com/dmibod/kanban/tools/db/mongo v0.0.0-20181212191045-586572261fa2/go.mod h1:uk2evVTLvDlxDD1Yk8XMSjhwJenoo4bNtsxKLUO+pD0=
github.com/dmibod/kanban/tools/db/mongo v0.0.0-20181216131007-ce19ff816ada h1:jEXtPq3+Kz7R0UVCoaonLCVIIwUNP6w3Ioe+PkrEY3Q=
github.com/dmibod/kanban/tools/db/mongo v0.0.0-20181216131007-ce19ff816ada/go.mod h1:uk2evVTLvDlxDD1Yk8XMSjhwJenoo4bNtsxKLUO+pD0=
github.com/dmibod/kanban/tools/db/mongo v0.0.0-20181216132108-c9b485b1917f h1:2B7BwZ0ZEdZMCsWoZ/cefhEPXleQaHvI1SnCER3nokA=
github.com/dmibod/kanban/tools/db/mongo v0.0.0-20181216132108-c9b485b1917f/go.mod h1:uk2evVTLvDlxDD1Yk8XMSjhwJenoo4bNtsxKLUO+pD0=
github.com/dmibod/kanban/tools/db/mongo v0.0.0-20181216163648-8372a83d93cc h1:ylo6dbNiUXk+vz1XYgA9YqW9AzXni7ll6q/XI4546Ag=
github.com/dmibod/kanban/tools/db/mongo v0.0.0-20181216163648-8372a83d93cc/go.mod h1:uk2evVTLvDlxDD1Yk8XMSjhwJenoo4bNtsxKLUO+pD0=
github.com/dmibod/kanban/tools/db/mongo v0.0.0-20181216171221-6109660f8a7d h1:wD41PEdeIbrIRGKBY9T31w75dWvPlCjPYfeS4CwEHy4=
github.com/dmibod/kanban/tools/db/mongo v0.0.0-20181216171221-6109660f8a7d/go.mod h1:uk2evVTLvDlxDD1Yk8XMSjhwJenoo4bNtsxKLUO+pD0=
github.com/dmibod/kanban/tools/db/mongo v0.0.0-20181216171729-2f2413adaf79 h1:nBvBTRPRnxsJ5phHUga9s/sYG9FpcCOtlcHG3DzI2lc=
github.com/dmibod/kanban/tools/db/mongo v0.0.0-20181216171729-2f2413adaf79/go.mod h1:uk2evVTLvDlxDD1Yk8XMSjhwJenoo4bNtsxKLUO+pD0=
github.com/dmibod/kanban/tools/db/mongo v0.0.0-20181216201452-f70717d4a6a1 h1:s3bDVGyA/u7ODEDFVyQ5LnlnSJ9HrYMhSQ2N4Irvb/M=
github.com/dmibod/kanban/tools/db/mongo v0.0.0-20181216201452-f70717d4a6a1/go.mod h1:uk2evVTLvDlxDD1Yk8XMSjhwJenoo4bNtsxKLUO+pD0=
github.com/dmibod/kanban/tools/mux v0.0.0-20181212142123-527bfdb9bd45/go.mod h1:hZmwnELCBBo+aOxkQVTm/l/MjaPIN7Y0HuH7up1Vl7k=
github.com/dmibod/kanban/tools/mux v0.0.0-20181212155436-3341f4a0f51e h1:FhQKhcL9ghhgy2qwcNhsvBd/X7W2AMLveVMQzzrzbpo=
github.com/dmibod/kanban/tools/mux v0.0.0-20181212155436-3341f4a0f51e/go.mod h1:hZmwnELCBBo+aOxkQVTm/l/MjaPIN7Y0HuH7up1Vl7k=
github.com/dmibod/kanban/tools/mux v0.0.0-20181216122721-7b52dcdad48b h1:kTUHbmDrLyfoWDi4P/z7VPNjjOrLouBz1F+viebs5Mc=
github.com/dmibod/kanban/tools/mux v0.0.0-20181216122721-7b52dcdad48b/go.mod h1:hZmwnELCBBo+aOxkQVTm/l/MjaPIN7Y0HuH7up1Vl7k=
github.com/dmibod/kanban/tools/mux v0.0.0-20181216130614-33895de82684/go.mod h1:hZmwnELCBBo+aOxkQVTm/l/MjaPIN7Y0HuH7up1Vl7k=
github.com/dmibod/kanban/tools/mux v0.0.0-20181216131007-ce19ff816ada h1:H99BRNvgV7A6QRVvq8v6E5979RCWxmxetpH3qAFcuSI=
github.com/dmibod/kanban/tools/mux v0.0.0-20181216131007-ce19ff816ada/go.mod h1:hZmwnELCBBo+aOxkQVTm/l/MjaPIN7Y0HuH7up1Vl7k=
github.com/dmibod/kanban/tools/mux v0.0.0-20181216132108-c9b485b1917f h1:uaK6C2Bac/nne5pA+Zn0s/hZcb1aujiy5hRPp7l4Ts8=
github.com/dmibod/kanban/tools/mux v0.0.0-20181216132108-c9b485b1917f/go.mod h1:hZmwnELCBBo+aOxkQVTm/l/MjaPIN7Y0HuH7up1Vl7k=
github.com/dmibod/kanban/tools/mux v0.0.0-20181216163352-5b00f3cc155f/go.mod h1:hZmwnELCBBo+aOxkQVTm/l/MjaPIN7Y0HuH7up1Vl7k=
github.com/dmibod/kanban/tools/mux v0.0.0-20181216163648-8372a83d93cc h1:lS/fNs4HsWvL0XblPK1OP65cV06hVwIArRq5H5DoJ94=
github.com/dmibod/kanban/tools/mux v0.0.0-20181216163648-8372a83d93cc/go.mod h1:hZmwnELCBBo+aOxkQVTm/l/MjaPIN7Y0HuH7up1Vl7k=
github.com/dmibod/kanban/tools/mux v0.0.0-20181216171221-6109660f8a7d h1:2DGEGaCKxl0wadjtEzxEGV9dd8fYfUHCLuk0SPEudjQ=
github.com/dmibod/kanban/tools/mux v0.0.0-20181216171221-6109660f8a7d/go.mod h1:hZmwnELCBBo+aOxkQVTm/l/MjaPIN7Y0HuH7up1Vl7k=
github.com/dmibod/kanban/tools/mux v0.0.0-20181216171729-2f2413adaf79 h1:zuVUc9I4gHdtFrKnCWqMgpgrfONe0GkMxudq34r6bF4=
github.com/dmibod/kanban/tools/mux v0.0.0-20181216171729-2f2413adaf79/go.mod h1:hZmwnELCBBo+aOxkQVTm/l/MjaPIN7Y0HuH7up1Vl7k=
github.com/dmibod/kanban/tools/mux v0.0.0-20181216201452-f70717d4a6a1 h1:fG7UswPqcC9XU4Z28nlBG3D3p/BANefxt58dcGFDzXU=
github.com/dmibod/kanban/tools/mux v0.0.0-20181216201452-f70717d4a6a1/go.mod h1:hZmwnELCBBo+aOxkQVTm/l/MjaPIN7Y0HuH7up1Vl7k=
github.com/dmibod/kanban/tools/mux/http v0.0.0-20181214130645-8f8730b589ec h1:Smqu2Q2Ik0FvjHK3LoRJLf+iDAQ+aJyGKkB6S8PquvQ=
github.com/dmibod/kanban/tools/mux/http v0.0.0-20181214130645-8f8730b589ec/go.mod h1:Z8ShoUbJZIaB5w1kiLz9S0V6AegsHJad2zE1mjmFMBs=
github.com/dmibod/kanban/tools/mux/http v0.0.0-20181216131007-ce19ff816ada h1:2kL9wRughnhrDXLcs4fjRXnec/htZMtAWhJICn39oCc=
github.com/dmibod/kanban/tools/mux/http v0.0.0-20181216131007-ce19ff816ada/go.mod h1:7JHP1IlRHcbE068lflfW7Ue852VHSOHKoQEn2l2oxJk=
github.com/dmibod/kanban/tools/mux/http v0.0.0-20181216132108-c9b485b1917f h1:qgO4GF+/VXgaKe2RKMYSiNS0pOlnJG04kvDSdhW3ao0=
github.com/dmibod/kanban/tools/mux/http v0.0.0-20181216132108-c9b485b1917f/go.mod h1:7JHP1IlRHcbE068lflfW7Ue852VHSOHKoQEn2l2oxJk=
github.com/dmibod/kanban/tools/mux/http v0.0.0-20181216163648-8372a83d93cc h1:3tx0kLinmYUPEIiwryz/A5RMSeNIRf7nPAgpJzdOgNM=
github.com/dmibod/kanban/tools/mux/http v0.0.0-20181216163648-8372a83d93cc/go.mod h1:6EanVF8OaF7csoSol6rnW8q9mDfNHxcAsirKvr1lO8Y=
github.com/dmibod/kanban/tools/mux/http v0.0.0-20181216171221-6109660f8a7d h1:NNr0OqOspmCLmBpIzNjq4djs4m+Dc6McNNiIF5AbMjE=
github.com/dmibod/kanban/tools/mux/http v0.0.0-20181216171221-6109660f8a7d/go.mod h1:6EanVF8OaF7csoSol6rnW8q9mDfNHxcAsirKvr1lO8Y=
github.com/dmibod/kanban/tools/mux/http v0.0.0-20181216171729-2f2413adaf79 h1:aI9neZ+Wsd7UvvCQZJhvVrWY97TVF28h21Nf6JGMqdw=
github.com/dmibod/kanban/tools/mux/http v0.0.0-20181216171729-2f2413adaf79/go.mod h1:6EanVF8OaF7csoSol6rnW8q9mDfNHxcAsirKvr1lO8Y=
github.com/dmibod/kanban/tools/mux/http v0.0.0-20181216201452-f70717d4a6a1 h1:qZYl6Ay8VvNWzGU3UD+dKWHUKXp/vZfzBPHcYDqklzc=
github.com/dmibod/kanban/tools/mux/http v0.0.0-20181216201452-f70717d4a6a1/go.mod h1:6EanVF8OaF7csoSol6rnW8q9mDfNHxcAsirKvr1lO8Y=
github.com/go-stack/stack v1.8.0 h1:5SgMzNM5HxrEjV0ww2lTmX6E2Izsfxas4+YHWRs3Lsk=
github.com/go-stack/stack v1.8.0/go.mod h1:v0f6uXyyMGvRgIKkXu+yp6POWl0qKG85gN/melR3HDY=
github.com/golang/snappy v0.0.0-20180518054509-2e65f85255db h1:woRePGFeVFfLKN/pOkfl+p/TAqKOfFu+7KPlMVpok/w=
github.com/golang/snappy v0.0.0-20180518054509-2e65f85255db/go.mod h1:/XxbfmMg8lxefKM7IXC3fBNl/7bRcc72aCRzEWrmP2Q=
github.com/google/go-cmp v0.2.0 h1:+dTQ8DZQJz0Mb/HjFlkptS1FeQ4cWSnN941F8aEG4SQ=
github.com/google/go-cmp v0.2.0/go.mod h1:oXzfMopK8JAjlY9xF4vHSVASa0yLyX7SntLO5aqRK0M=
github.com/mongodb/mongo-go-driver v0.1.0 h1:LcpPFw0tNumIAakvNrkI9S9wdX0iOxvMLw/+hcAdHaU=
github.com/mongodb/mongo-go-driver v0.1.0/go.mod h1:NK/HWDIIZkaYsnYa0hmtP443T5ELr0KDecmIioVuuyU=
github.com/pmezard/go-difflib v1.0.0 h1:4DBwDE0NGyQoBHbLQYPwSUPoCMWR5BEzIk/f1lZbAQM=
github.com/pmezard/go-difflib v1.0.0/go.mod h1:iKH77koFhYxTK1pcRnkKkqfTogsbg7gZNVY4sRDYZ/4=
github.com/stretchr/objx v0.1.1 h1:2vfRuCMp5sSVIDSqO8oNnWJq7mPa6KVP3iPIwFBuy8A=
github.com/stretchr/objx v0.1.1/go.mod h1:HFkY916IF+rwdDfMAkV7OtwuqBVzrE8GR6GFx+wExME=
github.com/stretchr/testify v1.2.2 h1:bSDNvY7ZPG5RlJ8otE/7V6gMiyenm9RtJ7IUVIAoJ1w=
github.com/stretchr/testify v1.2.2/go.mod h1:a8OnRcib4nhh0OaRAV+Yts87kKdq0PP7pXfy6kDkUVs=
github.com/tidwall/pretty v0.0.0-20180105212114-65a9db5fad51 h1:BP2bjP495BBPaBcS5rmqviTfrOkN5rO5ceKAMRZCRFc=
github.com/tidwall/pretty v0.0.0-20180105212114-65a9db5fad51/go.mod h1:XNkn88O1ChpSDQmQeStsy+sBenx6DDtFZJxhVysOjyk=
github.com/xdg/scram v0.0.0-20180814205039-7eeb5667e42c h1:u40Z8hqBAAQyv+vATcGgV0YCnDjqSL7/q/JyPhhJSPk=
github.com/xdg/scram v0.0.0-20180814205039-7eeb5667e42c/go.mod h1:lB8K/P019DLNhemzwFU4jHLhdvlE6uDZjXFejJXr49I=
github.com/xdg/stringprep v1.0.0 h1:d9X0esnoa3dFsV0FG35rAT0RIhYFlPq7MiP+DW89La0=
github.com/xdg/stringprep v1.0.0/go.mod h1:Jhud4/sHMO4oL310DaZAKk9ZaJ08SJfe+sJh0HrGL1Y=
golang.org/x/crypto v0.0.0-20181203042331-505ab145d0a9 h1:mKdxBk7AujPs8kU4m80U72y/zjbZ3UcXC7dClwKbUI0=
golang.org/x/crypto v0.0.0-20181203042331-505ab145d0a9/go.mod h1:6SG95UA2DQfeDnfUPMdvaQW0Q7yPrPDi9nlGo2tz2b4=
golang.org/x/sync v0.0.0-20181108010431-42b317875d0f h1:Bl/8QSvNqXvPGPGXa2z5xUTmV7VDcZyvRZ+QQXkXTZQ=
golang.org/x/sync v0.0.0-20181108010431-42b317875d0f/go.mod h1:RxMgew5VJxzue5/jJTE5uejpjVlOe/izrB70Jof72aM=
golang.org/x/text v0.3.0 h1:g61tztE5qeGQ89tm6NTjjM9VPIm088od1l6aSorWRWg=
golang.org/x/text v0.3.0/go.mod h1:NqM8EUOU14njkJ3fqMW+pc6Ldnwhi/IjpwHt7yyuwOQ=
